// !$*UTF8*$!
{
	archiveVersion = 1;
	classes = {
	};
	objectVersion = 50;
	objects = {

/* Begin PBXBuildFile section */
		A738BE822AEA444100A65F7E /* AppDelegate.m in Sources */ = {isa = PBXBuildFile; fileRef = A738BE812AEA444100A65F7E /* AppDelegate.m */; };
		A738BE852AEA444100A65F7E /* SceneDelegate.m in Sources */ = {isa = PBXBuildFile; fileRef = A738BE842AEA444100A65F7E /* SceneDelegate.m */; };
		A738BE882AEA444100A65F7E /* ViewController.m in Sources */ = {isa = PBXBuildFile; fileRef = A738BE872AEA444100A65F7E /* ViewController.m */; };
		A738BE8B2AEA444100A65F7E /* Main.storyboard in Resources */ = {isa = PBXBuildFile; fileRef = A738BE892AEA444100A65F7E /* Main.storyboard */; };
		A738BE8D2AEA444300A65F7E /* Assets.xcassets in Resources */ = {isa = PBXBuildFile; fileRef = A738BE8C2AEA444300A65F7E /* Assets.xcassets */; };
		A738BE902AEA444300A65F7E /* LaunchScreen.storyboard in Resources */ = {isa = PBXBuildFile; fileRef = A738BE8E2AEA444300A65F7E /* LaunchScreen.storyboard */; };
		A738BE932AEA444300A65F7E /* main.m in Sources */ = {isa = PBXBuildFile; fileRef = A738BE922AEA444300A65F7E /* main.m */; };
		A738BEA02AEA448100A65F7E /* TYChartLineBaseModel.m in Sources */ = {isa = PBXBuildFile; fileRef = A738BE9F2AEA448100A65F7E /* TYChartLineBaseModel.m */; };
		A738BEA32AEA44B900A65F7E /* TYChartKLineDataModel.m in Sources */ = {isa = PBXBuildFile; fileRef = A738BEA22AEA44B900A65F7E /* TYChartKLineDataModel.m */; };
		A738BEA62AEA450000A65F7E /* TYTechnicalIndexModel.m in Sources */ = {isa = PBXBuildFile; fileRef = A738BEA52AEA450000A65F7E /* TYTechnicalIndexModel.m */; };
		A738BEA92AEA453A00A65F7E /* TYChartDataSource.m in Sources */ = {isa = PBXBuildFile; fileRef = A738BEA82AEA453A00A65F7E /* TYChartDataSource.m */; };
		A738BEAC2AEA456A00A65F7E /* TYChartMaxMinModel.m in Sources */ = {isa = PBXBuildFile; fileRef = A738BEAB2AEA456A00A65F7E /* TYChartMaxMinModel.m */; };
		A738BEAF2AEA458100A65F7E /* TYChartConfiguration.m in Sources */ = {isa = PBXBuildFile; fileRef = A738BEAE2AEA458100A65F7E /* TYChartConfiguration.m */; };
		A738BEB22AEA45B000A65F7E /* TYIndexConfiguration.m in Sources */ = {isa = PBXBuildFile; fileRef = A738BEB12AEA45B000A65F7E /* TYIndexConfiguration.m */; };
		A738BEB52AEA45C400A65F7E /* TYYAxisModel.m in Sources */ = {isa = PBXBuildFile; fileRef = A738BEB42AEA45C400A65F7E /* TYYAxisModel.m */; };
		A738BEB82AEA460800A65F7E /* TYXAxisModel.m in Sources */ = {isa = PBXBuildFile; fileRef = A738BEB72AEA460800A65F7E /* TYXAxisModel.m */; };
		A738BEBB2AEA462200A65F7E /* TYChartAlgorithm.m in Sources */ = {isa = PBXBuildFile; fileRef = A738BEBA2AEA462200A65F7E /* TYChartAlgorithm.m */; };
		A738BEBE2AEA466500A65F7E /* TYChartBaseLayer.m in Sources */ = {isa = PBXBuildFile; fileRef = A738BEBD2AEA466500A65F7E /* TYChartBaseLayer.m */; };
		A738BEC12AEA469600A65F7E /* TYAxisChartLayer.m in Sources */ = {isa = PBXBuildFile; fileRef = A738BEC02AEA469600A65F7E /* TYAxisChartLayer.m */; };
		A738BEC42AEA46BA00A65F7E /* TYMinMaxPriceLayer.m in Sources */ = {isa = PBXBuildFile; fileRef = A738BEC32AEA46BA00A65F7E /* TYMinMaxPriceLayer.m */; };
		A738BEC72AEA46D000A65F7E /* TYCursorLineLayer.m in Sources */ = {isa = PBXBuildFile; fileRef = A738BEC62AEA46D000A65F7E /* TYCursorLineLayer.m */; };
		A738BECA2AEA46F900A65F7E /* TYCandleStickLayer.m in Sources */ = {isa = PBXBuildFile; fileRef = A738BEC92AEA46F900A65F7E /* TYCandleStickLayer.m */; };
		A738BECD2AEA471A00A65F7E /* TYHistogramLayer.m in Sources */ = {isa = PBXBuildFile; fileRef = A738BECC2AEA471A00A65F7E /* TYHistogramLayer.m */; };
		A738BED02AEA473E00A65F7E /* TYLineLayer.m in Sources */ = {isa = PBXBuildFile; fileRef = A738BECF2AEA473E00A65F7E /* TYLineLayer.m */; };
		A738BED32AEA476000A65F7E /* TYChartView.m in Sources */ = {isa = PBXBuildFile; fileRef = A738BED22AEA476000A65F7E /* TYChartView.m */; };
		A738BED62AEA479E00A65F7E /* TYCandleStickView.m in Sources */ = {isa = PBXBuildFile; fileRef = A738BED52AEA479E00A65F7E /* TYCandleStickView.m */; };
		A738BED92AEA47B900A65F7E /* TYBarLineView.m in Sources */ = {isa = PBXBuildFile; fileRef = A738BED82AEA47B900A65F7E /* TYBarLineView.m */; };
		A738BEDC2AEA47D000A65F7E /* TYLineTechnologyView.m in Sources */ = {isa = PBXBuildFile; fileRef = A738BEDB2AEA47D000A65F7E /* TYLineTechnologyView.m */; };
		A738BEE22AEA483400A65F7E /* UIView+TYFrame.m in Sources */ = {isa = PBXBuildFile; fileRef = A738BEDE2AEA483400A65F7E /* UIView+TYFrame.m */; };
		A738BEE32AEA483400A65F7E /* UIColor+HXColor.m in Sources */ = {isa = PBXBuildFile; fileRef = A738BEE12AEA483400A65F7E /* UIColor+HXColor.m */; };
		A738BEF02AEA4A8900A65F7E /* NSDate+Extension.m in Sources */ = {isa = PBXBuildFile; fileRef = A738BEEE2AEA4A8800A65F7E /* NSDate+Extension.m */; };
		A738BF0B2AEA52CB00A65F7E /* NSLayoutConstraint+MASDebugAdditions.m in Sources */ = {isa = PBXBuildFile; fileRef = A738BEF32AEA52CA00A65F7E /* NSLayoutConstraint+MASDebugAdditions.m */; };
		A738BF0C2AEA52CB00A65F7E /* ViewController+MASAdditions.m in Sources */ = {isa = PBXBuildFile; fileRef = A738BEFC2AEA52CA00A65F7E /* ViewController+MASAdditions.m */; };
		A738BF0D2AEA52CB00A65F7E /* MASCompositeConstraint.m in Sources */ = {isa = PBXBuildFile; fileRef = A738BF002AEA52CA00A65F7E /* MASCompositeConstraint.m */; };
		A738BF0E2AEA52CB00A65F7E /* MASConstraintMaker.m in Sources */ = {isa = PBXBuildFile; fileRef = A738BF012AEA52CA00A65F7E /* MASConstraintMaker.m */; };
		A738BF0F2AEA52CB00A65F7E /* MASLayoutConstraint.m in Sources */ = {isa = PBXBuildFile; fileRef = A738BF022AEA52CA00A65F7E /* MASLayoutConstraint.m */; };
		A738BF102AEA52CB00A65F7E /* NSArray+MASAdditions.m in Sources */ = {isa = PBXBuildFile; fileRef = A738BF032AEA52CA00A65F7E /* NSArray+MASAdditions.m */; };
		A738BF112AEA52CB00A65F7E /* View+MASAdditions.m in Sources */ = {isa = PBXBuildFile; fileRef = A738BF042AEA52CA00A65F7E /* View+MASAdditions.m */; };
		A738BF122AEA52CB00A65F7E /* MASConstraint.m in Sources */ = {isa = PBXBuildFile; fileRef = A738BF072AEA52CA00A65F7E /* MASConstraint.m */; };
		A738BF132AEA52CB00A65F7E /* MASViewConstraint.m in Sources */ = {isa = PBXBuildFile; fileRef = A738BF092AEA52CB00A65F7E /* MASViewConstraint.m */; };
		A738BF142AEA52CB00A65F7E /* MASViewAttribute.m in Sources */ = {isa = PBXBuildFile; fileRef = A738BF0A2AEA52CB00A65F7E /* MASViewAttribute.m */; };
		A738BF182AEA530100A65F7E /* NetworkHelper.m in Sources */ = {isa = PBXBuildFile; fileRef = A738BF162AEA530100A65F7E /* NetworkHelper.m */; };
		A738BF282AEA548700A65F7E /* UIDevice+Extension.m in Sources */ = {isa = PBXBuildFile; fileRef = A738BF232AEA548700A65F7E /* UIDevice+Extension.m */; };
		A738BF3F2AEA5A8100A65F7E /* UIFont+Extension.m in Sources */ = {isa = PBXBuildFile; fileRef = A738BF3E2AEA5A8100A65F7E /* UIFont+Extension.m */; };
		A738BF412AEA6C8B00A65F7E /* DIN-Medium.ttf in Resources */ = {isa = PBXBuildFile; fileRef = A738BF402AEA6C8B00A65F7E /* DIN-Medium.ttf */; };
		A738BF472AEB54EE00A65F7E /* TYChartContainerView.m in Sources */ = {isa = PBXBuildFile; fileRef = A738BF462AEB54EE00A65F7E /* TYChartContainerView.m */; };
		A74132E32AEF9795009070CA /* TYChartHandOperationView.m in Sources */ = {isa = PBXBuildFile; fileRef = A74132E02AEF9795009070CA /* TYChartHandOperationView.m */; };
		A74132E42AEF9795009070CA /* TYLongPressButton.m in Sources */ = {isa = PBXBuildFile; fileRef = A74132E12AEF9795009070CA /* TYLongPressButton.m */; };
		A74132E92AEF986B009070CA /* icon_expand@2x.png in Resources */ = {isa = PBXBuildFile; fileRef = A74132E72AEF986B009070CA /* icon_expand@2x.png */; };
		A74132EA2AEF986B009070CA /* icon_expand@3x.png in Resources */ = {isa = PBXBuildFile; fileRef = A74132E82AEF986B009070CA /* icon_expand@3x.png */; };
		A74132ED2AEF9873009070CA /* icon_enlarge@3x.png in Resources */ = {isa = PBXBuildFile; fileRef = A74132EB2AEF9873009070CA /* icon_enlarge@3x.png */; };
		A74132EE2AEF9873009070CA /* icon_enlarge@2x.png in Resources */ = {isa = PBXBuildFile; fileRef = A74132EC2AEF9873009070CA /* icon_enlarge@2x.png */; };
		A74132F12AEF987C009070CA /* icon_fold@2x.png in Resources */ = {isa = PBXBuildFile; fileRef = A74132EF2AEF987C009070CA /* icon_fold@2x.png */; };
		A74132F22AEF987C009070CA /* icon_fold@3x.png in Resources */ = {isa = PBXBuildFile; fileRef = A74132F02AEF987C009070CA /* icon_fold@3x.png */; };
		A74132F52AEF9883009070CA /* icon_left@2x.png in Resources */ = {isa = PBXBuildFile; fileRef = A74132F32AEF9883009070CA /* icon_left@2x.png */; };
		A74132F62AEF9883009070CA /* icon_left@3x.png in Resources */ = {isa = PBXBuildFile; fileRef = A74132F42AEF9883009070CA /* icon_left@3x.png */; };
		A74132F92AEF9888009070CA /* icon_reduce@3x.png in Resources */ = {isa = PBXBuildFile; fileRef = A74132F72AEF9888009070CA /* icon_reduce@3x.png */; };
		A74132FA2AEF9888009070CA /* icon_reduce@2x.png in Resources */ = {isa = PBXBuildFile; fileRef = A74132F82AEF9888009070CA /* icon_reduce@2x.png */; };
		A74132FD2AEF988E009070CA /* icon_right@2x.png in Resources */ = {isa = PBXBuildFile; fileRef = A74132FB2AEF988E009070CA /* icon_right@2x.png */; };
		A74132FE2AEF988E009070CA /* icon_right@3x.png in Resources */ = {isa = PBXBuildFile; fileRef = A74132FC2AEF988E009070CA /* icon_right@3x.png */; };
		A74133012AEF98A8009070CA /* NSArray+Filter.m in Sources */ = {isa = PBXBuildFile; fileRef = A74133002AEF98A8009070CA /* NSArray+Filter.m */; };
		A74133042AEF98BA009070CA /* TYWeakTimer.m in Sources */ = {isa = PBXBuildFile; fileRef = A74133032AEF98BA009070CA /* TYWeakTimer.m */; };
		A74133072AEFA45F009070CA /* KLineViewController.m in Sources */ = {isa = PBXBuildFile; fileRef = A74133062AEFA45F009070CA /* KLineViewController.m */; };
		A741330A2AEFA5A8009070CA /* TimeLineViewController.m in Sources */ = {isa = PBXBuildFile; fileRef = A74133092AEFA5A8009070CA /* TimeLineViewController.m */; };
		A741330D2AEFB57F009070CA /* TYTimeIndexChartView.m in Sources */ = {isa = PBXBuildFile; fileRef = A741330C2AEFB57F009070CA /* TYTimeIndexChartView.m */; };
		A74133102AEFB5AA009070CA /* TYTimeIndexChartLayer.m in Sources */ = {isa = PBXBuildFile; fileRef = A741330F2AEFB5AA009070CA /* TYTimeIndexChartLayer.m */; };
		A7AC4C172AF0DA29005AE737 /* TimeLineMinuteModel.m in Sources */ = {isa = PBXBuildFile; fileRef = A7AC4C162AF0DA29005AE737 /* TimeLineMinuteModel.m */; };
		A7AC4C1E2AF0DD22005AE737 /* NSObject+YYModel.m in Sources */ = {isa = PBXBuildFile; fileRef = A7AC4C1B2AF0DD22005AE737 /* NSObject+YYModel.m */; };
		A7AC4C1F2AF0DD22005AE737 /* YYClassInfo.m in Sources */ = {isa = PBXBuildFile; fileRef = A7AC4C1C2AF0DD22005AE737 /* YYClassInfo.m */; };
		A7AC4C252AF0FBEE005AE737 /* TYTimeIndexChartContainerView.m in Sources */ = {isa = PBXBuildFile; fileRef = A7AC4C242AF0FBEE005AE737 /* TYTimeIndexChartContainerView.m */; };
		A7AC4C822AF1F28F005AE737 /* UIScrollView+MJRefresh.m in Sources */ = {isa = PBXBuildFile; fileRef = A7AC4C2F2AF1F28F005AE737 /* UIScrollView+MJRefresh.m */; };
		A7AC4C832AF1F28F005AE737 /* UICollectionViewLayout+MJRefresh.m in Sources */ = {isa = PBXBuildFile; fileRef = A7AC4C302AF1F28F005AE737 /* UICollectionViewLayout+MJRefresh.m */; };
		A7AC4C842AF1F28F005AE737 /* MJRefreshConst.m in Sources */ = {isa = PBXBuildFile; fileRef = A7AC4C312AF1F28F005AE737 /* MJRefreshConst.m */; };
		A7AC4C852AF1F28F005AE737 /* MJRefreshConfig.m in Sources */ = {isa = PBXBuildFile; fileRef = A7AC4C322AF1F28F005AE737 /* MJRefreshConfig.m */; };
		A7AC4C862AF1F28F005AE737 /* MJRefresh.bundle in Resources */ = {isa = PBXBuildFile; fileRef = A7AC4C362AF1F28F005AE737 /* MJRefresh.bundle */; };
		A7AC4C872AF1F28F005AE737 /* UIScrollView+MJExtension.m in Sources */ = {isa = PBXBuildFile; fileRef = A7AC4C512AF1F28F005AE737 /* UIScrollView+MJExtension.m */; };
		A7AC4C882AF1F28F005AE737 /* NSBundle+MJRefresh.m in Sources */ = {isa = PBXBuildFile; fileRef = A7AC4C562AF1F28F005AE737 /* NSBundle+MJRefresh.m */; };
		A7AC4C892AF1F28F005AE737 /* UIView+MJExtension.m in Sources */ = {isa = PBXBuildFile; fileRef = A7AC4C572AF1F28F005AE737 /* UIView+MJExtension.m */; };
		A7AC4C8A2AF1F28F005AE737 /* MJRefreshBackGifFooter.m in Sources */ = {isa = PBXBuildFile; fileRef = A7AC4C5E2AF1F28F005AE737 /* MJRefreshBackGifFooter.m */; };
		A7AC4C8B2AF1F28F005AE737 /* MJRefreshBackStateFooter.m in Sources */ = {isa = PBXBuildFile; fileRef = A7AC4C5F2AF1F28F005AE737 /* MJRefreshBackStateFooter.m */; };
		A7AC4C8C2AF1F28F005AE737 /* MJRefreshBackNormalFooter.m in Sources */ = {isa = PBXBuildFile; fileRef = A7AC4C602AF1F28F005AE737 /* MJRefreshBackNormalFooter.m */; };
		A7AC4C8D2AF1F28F005AE737 /* MJRefreshAutoStateFooter.m in Sources */ = {isa = PBXBuildFile; fileRef = A7AC4C652AF1F28F005AE737 /* MJRefreshAutoStateFooter.m */; };
		A7AC4C8E2AF1F28F005AE737 /* MJRefreshAutoGifFooter.m in Sources */ = {isa = PBXBuildFile; fileRef = A7AC4C662AF1F28F005AE737 /* MJRefreshAutoGifFooter.m */; };
		A7AC4C8F2AF1F28F005AE737 /* MJRefreshAutoNormalFooter.m in Sources */ = {isa = PBXBuildFile; fileRef = A7AC4C672AF1F28F005AE737 /* MJRefreshAutoNormalFooter.m */; };
		A7AC4C902AF1F28F005AE737 /* MJRefreshStateTrailer.m in Sources */ = {isa = PBXBuildFile; fileRef = A7AC4C6A2AF1F28F005AE737 /* MJRefreshStateTrailer.m */; };
		A7AC4C912AF1F28F005AE737 /* MJRefreshNormalTrailer.m in Sources */ = {isa = PBXBuildFile; fileRef = A7AC4C6B2AF1F28F005AE737 /* MJRefreshNormalTrailer.m */; };
		A7AC4C922AF1F28F005AE737 /* MJRefreshNormalHeader.m in Sources */ = {isa = PBXBuildFile; fileRef = A7AC4C6E2AF1F28F005AE737 /* MJRefreshNormalHeader.m */; };
		A7AC4C932AF1F28F005AE737 /* MJRefreshStateHeader.m in Sources */ = {isa = PBXBuildFile; fileRef = A7AC4C722AF1F28F005AE737 /* MJRefreshStateHeader.m */; };
		A7AC4C942AF1F28F005AE737 /* MJRefreshGifHeader.m in Sources */ = {isa = PBXBuildFile; fileRef = A7AC4C732AF1F28F005AE737 /* MJRefreshGifHeader.m */; };
		A7AC4C962AF1F28F005AE737 /* MJRefreshFooter.m in Sources */ = {isa = PBXBuildFile; fileRef = A7AC4C762AF1F28F005AE737 /* MJRefreshFooter.m */; };
		A7AC4C972AF1F28F005AE737 /* MJRefreshHeader.m in Sources */ = {isa = PBXBuildFile; fileRef = A7AC4C782AF1F28F005AE737 /* MJRefreshHeader.m */; };
		A7AC4C982AF1F28F005AE737 /* MJRefreshBackFooter.m in Sources */ = {isa = PBXBuildFile; fileRef = A7AC4C7B2AF1F28F005AE737 /* MJRefreshBackFooter.m */; };
		A7AC4C992AF1F28F005AE737 /* MJRefreshAutoFooter.m in Sources */ = {isa = PBXBuildFile; fileRef = A7AC4C7C2AF1F28F005AE737 /* MJRefreshAutoFooter.m */; };
		A7AC4C9A2AF1F28F005AE737 /* MJRefreshComponent.m in Sources */ = {isa = PBXBuildFile; fileRef = A7AC4C7E2AF1F28F005AE737 /* MJRefreshComponent.m */; };
		A7AC4C9B2AF1F28F005AE737 /* MJRefreshTrailer.m in Sources */ = {isa = PBXBuildFile; fileRef = A7AC4C812AF1F28F005AE737 /* MJRefreshTrailer.m */; };
		A7EEEEFB2AEBB0320064FBD5 /* TYChartConst.m in Sources */ = {isa = PBXBuildFile; fileRef = A7EEEEFA2AEBB0320064FBD5 /* TYChartConst.m */; };
		A7EEEEFE2AEBB0D90064FBD5 /* TYDecimalNumberTool.m in Sources */ = {isa = PBXBuildFile; fileRef = A7EEEEFD2AEBB0D90064FBD5 /* TYDecimalNumberTool.m */; };
/* End PBXBuildFile section */

/* Begin PBXFileReference section */
		A738BE7D2AEA444100A65F7E /* TYCharts.app */ = {isa = PBXFileReference; explicitFileType = wrapper.application; includeInIndex = 0; path = TYCharts.app; sourceTree = BUILT_PRODUCTS_DIR; };
		A738BE802AEA444100A65F7E /* AppDelegate.h */ = {isa = PBXFileReference; lastKnownFileType = sourcecode.c.h; path = AppDelegate.h; sourceTree = "<group>"; };
		A738BE812AEA444100A65F7E /* AppDelegate.m */ = {isa = PBXFileReference; lastKnownFileType = sourcecode.c.objc; path = AppDelegate.m; sourceTree = "<group>"; };
		A738BE832AEA444100A65F7E /* SceneDelegate.h */ = {isa = PBXFileReference; lastKnownFileType = sourcecode.c.h; path = SceneDelegate.h; sourceTree = "<group>"; };
		A738BE842AEA444100A65F7E /* SceneDelegate.m */ = {isa = PBXFileReference; lastKnownFileType = sourcecode.c.objc; path = SceneDelegate.m; sourceTree = "<group>"; };
		A738BE862AEA444100A65F7E /* ViewController.h */ = {isa = PBXFileReference; lastKnownFileType = sourcecode.c.h; path = ViewController.h; sourceTree = "<group>"; };
		A738BE872AEA444100A65F7E /* ViewController.m */ = {isa = PBXFileReference; lastKnownFileType = sourcecode.c.objc; path = ViewController.m; sourceTree = "<group>"; };
		A738BE8A2AEA444100A65F7E /* Base */ = {isa = PBXFileReference; lastKnownFileType = file.storyboard; name = Base; path = Base.lproj/Main.storyboard; sourceTree = "<group>"; };
		A738BE8C2AEA444300A65F7E /* Assets.xcassets */ = {isa = PBXFileReference; lastKnownFileType = folder.assetcatalog; path = Assets.xcassets; sourceTree = "<group>"; };
		A738BE8F2AEA444300A65F7E /* Base */ = {isa = PBXFileReference; lastKnownFileType = file.storyboard; name = Base; path = Base.lproj/LaunchScreen.storyboard; sourceTree = "<group>"; };
		A738BE912AEA444300A65F7E /* Info.plist */ = {isa = PBXFileReference; lastKnownFileType = text.plist.xml; path = Info.plist; sourceTree = "<group>"; };
		A738BE922AEA444300A65F7E /* main.m */ = {isa = PBXFileReference; lastKnownFileType = sourcecode.c.objc; path = main.m; sourceTree = "<group>"; };
		A738BE9E2AEA448100A65F7E /* TYChartLineBaseModel.h */ = {isa = PBXFileReference; lastKnownFileType = sourcecode.c.h; path = TYChartLineBaseModel.h; sourceTree = "<group>"; };
		A738BE9F2AEA448100A65F7E /* TYChartLineBaseModel.m */ = {isa = PBXFileReference; lastKnownFileType = sourcecode.c.objc; path = TYChartLineBaseModel.m; sourceTree = "<group>"; };
		A738BEA12AEA44B900A65F7E /* TYChartKLineDataModel.h */ = {isa = PBXFileReference; lastKnownFileType = sourcecode.c.h; path = TYChartKLineDataModel.h; sourceTree = "<group>"; };
		A738BEA22AEA44B900A65F7E /* TYChartKLineDataModel.m */ = {isa = PBXFileReference; lastKnownFileType = sourcecode.c.objc; path = TYChartKLineDataModel.m; sourceTree = "<group>"; };
		A738BEA42AEA450000A65F7E /* TYTechnicalIndexModel.h */ = {isa = PBXFileReference; lastKnownFileType = sourcecode.c.h; path = TYTechnicalIndexModel.h; sourceTree = "<group>"; };
		A738BEA52AEA450000A65F7E /* TYTechnicalIndexModel.m */ = {isa = PBXFileReference; lastKnownFileType = sourcecode.c.objc; path = TYTechnicalIndexModel.m; sourceTree = "<group>"; };
		A738BEA72AEA453A00A65F7E /* TYChartDataSource.h */ = {isa = PBXFileReference; lastKnownFileType = sourcecode.c.h; path = TYChartDataSource.h; sourceTree = "<group>"; };
		A738BEA82AEA453A00A65F7E /* TYChartDataSource.m */ = {isa = PBXFileReference; lastKnownFileType = sourcecode.c.objc; path = TYChartDataSource.m; sourceTree = "<group>"; };
		A738BEAA2AEA456A00A65F7E /* TYChartMaxMinModel.h */ = {isa = PBXFileReference; lastKnownFileType = sourcecode.c.h; path = TYChartMaxMinModel.h; sourceTree = "<group>"; };
		A738BEAB2AEA456A00A65F7E /* TYChartMaxMinModel.m */ = {isa = PBXFileReference; lastKnownFileType = sourcecode.c.objc; path = TYChartMaxMinModel.m; sourceTree = "<group>"; };
		A738BEAD2AEA458100A65F7E /* TYChartConfiguration.h */ = {isa = PBXFileReference; lastKnownFileType = sourcecode.c.h; path = TYChartConfiguration.h; sourceTree = "<group>"; };
		A738BEAE2AEA458100A65F7E /* TYChartConfiguration.m */ = {isa = PBXFileReference; lastKnownFileType = sourcecode.c.objc; path = TYChartConfiguration.m; sourceTree = "<group>"; };
		A738BEB02AEA45B000A65F7E /* TYIndexConfiguration.h */ = {isa = PBXFileReference; lastKnownFileType = sourcecode.c.h; path = TYIndexConfiguration.h; sourceTree = "<group>"; };
		A738BEB12AEA45B000A65F7E /* TYIndexConfiguration.m */ = {isa = PBXFileReference; lastKnownFileType = sourcecode.c.objc; path = TYIndexConfiguration.m; sourceTree = "<group>"; };
		A738BEB32AEA45C400A65F7E /* TYYAxisModel.h */ = {isa = PBXFileReference; lastKnownFileType = sourcecode.c.h; path = TYYAxisModel.h; sourceTree = "<group>"; };
		A738BEB42AEA45C400A65F7E /* TYYAxisModel.m */ = {isa = PBXFileReference; lastKnownFileType = sourcecode.c.objc; path = TYYAxisModel.m; sourceTree = "<group>"; };
		A738BEB62AEA460800A65F7E /* TYXAxisModel.h */ = {isa = PBXFileReference; lastKnownFileType = sourcecode.c.h; path = TYXAxisModel.h; sourceTree = "<group>"; };
		A738BEB72AEA460800A65F7E /* TYXAxisModel.m */ = {isa = PBXFileReference; lastKnownFileType = sourcecode.c.objc; path = TYXAxisModel.m; sourceTree = "<group>"; };
		A738BEB92AEA462200A65F7E /* TYChartAlgorithm.h */ = {isa = PBXFileReference; lastKnownFileType = sourcecode.c.h; path = TYChartAlgorithm.h; sourceTree = "<group>"; };
		A738BEBA2AEA462200A65F7E /* TYChartAlgorithm.m */ = {isa = PBXFileReference; lastKnownFileType = sourcecode.c.objc; path = TYChartAlgorithm.m; sourceTree = "<group>"; };
		A738BEBC2AEA466500A65F7E /* TYChartBaseLayer.h */ = {isa = PBXFileReference; lastKnownFileType = sourcecode.c.h; path = TYChartBaseLayer.h; sourceTree = "<group>"; };
		A738BEBD2AEA466500A65F7E /* TYChartBaseLayer.m */ = {isa = PBXFileReference; lastKnownFileType = sourcecode.c.objc; path = TYChartBaseLayer.m; sourceTree = "<group>"; };
		A738BEBF2AEA469600A65F7E /* TYAxisChartLayer.h */ = {isa = PBXFileReference; lastKnownFileType = sourcecode.c.h; path = TYAxisChartLayer.h; sourceTree = "<group>"; };
		A738BEC02AEA469600A65F7E /* TYAxisChartLayer.m */ = {isa = PBXFileReference; lastKnownFileType = sourcecode.c.objc; path = TYAxisChartLayer.m; sourceTree = "<group>"; };
		A738BEC22AEA46BA00A65F7E /* TYMinMaxPriceLayer.h */ = {isa = PBXFileReference; lastKnownFileType = sourcecode.c.h; path = TYMinMaxPriceLayer.h; sourceTree = "<group>"; };
		A738BEC32AEA46BA00A65F7E /* TYMinMaxPriceLayer.m */ = {isa = PBXFileReference; lastKnownFileType = sourcecode.c.objc; path = TYMinMaxPriceLayer.m; sourceTree = "<group>"; };
		A738BEC52AEA46D000A65F7E /* TYCursorLineLayer.h */ = {isa = PBXFileReference; lastKnownFileType = sourcecode.c.h; path = TYCursorLineLayer.h; sourceTree = "<group>"; };
		A738BEC62AEA46D000A65F7E /* TYCursorLineLayer.m */ = {isa = PBXFileReference; lastKnownFileType = sourcecode.c.objc; path = TYCursorLineLayer.m; sourceTree = "<group>"; };
		A738BEC82AEA46F900A65F7E /* TYCandleStickLayer.h */ = {isa = PBXFileReference; lastKnownFileType = sourcecode.c.h; path = TYCandleStickLayer.h; sourceTree = "<group>"; };
		A738BEC92AEA46F900A65F7E /* TYCandleStickLayer.m */ = {isa = PBXFileReference; lastKnownFileType = sourcecode.c.objc; path = TYCandleStickLayer.m; sourceTree = "<group>"; };
		A738BECB2AEA471A00A65F7E /* TYHistogramLayer.h */ = {isa = PBXFileReference; lastKnownFileType = sourcecode.c.h; path = TYHistogramLayer.h; sourceTree = "<group>"; };
		A738BECC2AEA471A00A65F7E /* TYHistogramLayer.m */ = {isa = PBXFileReference; lastKnownFileType = sourcecode.c.objc; path = TYHistogramLayer.m; sourceTree = "<group>"; };
		A738BECE2AEA473E00A65F7E /* TYLineLayer.h */ = {isa = PBXFileReference; lastKnownFileType = sourcecode.c.h; path = TYLineLayer.h; sourceTree = "<group>"; };
		A738BECF2AEA473E00A65F7E /* TYLineLayer.m */ = {isa = PBXFileReference; lastKnownFileType = sourcecode.c.objc; path = TYLineLayer.m; sourceTree = "<group>"; };
		A738BED12AEA476000A65F7E /* TYChartView.h */ = {isa = PBXFileReference; lastKnownFileType = sourcecode.c.h; path = TYChartView.h; sourceTree = "<group>"; };
		A738BED22AEA476000A65F7E /* TYChartView.m */ = {isa = PBXFileReference; lastKnownFileType = sourcecode.c.objc; path = TYChartView.m; sourceTree = "<group>"; };
		A738BED42AEA479E00A65F7E /* TYCandleStickView.h */ = {isa = PBXFileReference; lastKnownFileType = sourcecode.c.h; path = TYCandleStickView.h; sourceTree = "<group>"; };
		A738BED52AEA479E00A65F7E /* TYCandleStickView.m */ = {isa = PBXFileReference; lastKnownFileType = sourcecode.c.objc; path = TYCandleStickView.m; sourceTree = "<group>"; };
		A738BED72AEA47B900A65F7E /* TYBarLineView.h */ = {isa = PBXFileReference; lastKnownFileType = sourcecode.c.h; path = TYBarLineView.h; sourceTree = "<group>"; };
		A738BED82AEA47B900A65F7E /* TYBarLineView.m */ = {isa = PBXFileReference; lastKnownFileType = sourcecode.c.objc; path = TYBarLineView.m; sourceTree = "<group>"; };
		A738BEDA2AEA47D000A65F7E /* TYLineTechnologyView.h */ = {isa = PBXFileReference; lastKnownFileType = sourcecode.c.h; path = TYLineTechnologyView.h; sourceTree = "<group>"; };
		A738BEDB2AEA47D000A65F7E /* TYLineTechnologyView.m */ = {isa = PBXFileReference; lastKnownFileType = sourcecode.c.objc; path = TYLineTechnologyView.m; sourceTree = "<group>"; };
		A738BEDE2AEA483400A65F7E /* UIView+TYFrame.m */ = {isa = PBXFileReference; fileEncoding = 4; lastKnownFileType = sourcecode.c.objc; path = "UIView+TYFrame.m"; sourceTree = "<group>"; };
		A738BEDF2AEA483400A65F7E /* UIView+TYFrame.h */ = {isa = PBXFileReference; fileEncoding = 4; lastKnownFileType = sourcecode.c.h; path = "UIView+TYFrame.h"; sourceTree = "<group>"; };
		A738BEE02AEA483400A65F7E /* UIColor+HXColor.h */ = {isa = PBXFileReference; fileEncoding = 4; lastKnownFileType = sourcecode.c.h; path = "UIColor+HXColor.h"; sourceTree = "<group>"; };
		A738BEE12AEA483400A65F7E /* UIColor+HXColor.m */ = {isa = PBXFileReference; fileEncoding = 4; lastKnownFileType = sourcecode.c.objc; path = "UIColor+HXColor.m"; sourceTree = "<group>"; };
		A738BEE42AEA488700A65F7E /* TYPrefixHeader.pch */ = {isa = PBXFileReference; lastKnownFileType = sourcecode.c.h; path = TYPrefixHeader.pch; sourceTree = "<group>"; };
		A738BEE82AEA48F300A65F7E /* TYChartHeader.h */ = {isa = PBXFileReference; lastKnownFileType = sourcecode.c.h; path = TYChartHeader.h; sourceTree = "<group>"; };
		A738BEEE2AEA4A8800A65F7E /* NSDate+Extension.m */ = {isa = PBXFileReference; fileEncoding = 4; lastKnownFileType = sourcecode.c.objc; path = "NSDate+Extension.m"; sourceTree = "<group>"; };
		A738BEEF2AEA4A8800A65F7E /* NSDate+Extension.h */ = {isa = PBXFileReference; fileEncoding = 4; lastKnownFileType = sourcecode.c.h; path = "NSDate+Extension.h"; sourceTree = "<group>"; };
		A738BEF22AEA52CA00A65F7E /* MASCompositeConstraint.h */ = {isa = PBXFileReference; fileEncoding = 4; lastKnownFileType = sourcecode.c.h; path = MASCompositeConstraint.h; sourceTree = "<group>"; };
		A738BEF32AEA52CA00A65F7E /* NSLayoutConstraint+MASDebugAdditions.m */ = {isa = PBXFileReference; fileEncoding = 4; lastKnownFileType = sourcecode.c.objc; path = "NSLayoutConstraint+MASDebugAdditions.m"; sourceTree = "<group>"; };
		A738BEF42AEA52CA00A65F7E /* MASConstraint+Private.h */ = {isa = PBXFileReference; fileEncoding = 4; lastKnownFileType = sourcecode.c.h; path = "MASConstraint+Private.h"; sourceTree = "<group>"; };
		A738BEF52AEA52CA00A65F7E /* MASLayoutConstraint.h */ = {isa = PBXFileReference; fileEncoding = 4; lastKnownFileType = sourcecode.c.h; path = MASLayoutConstraint.h; sourceTree = "<group>"; };
		A738BEF62AEA52CA00A65F7E /* NSArray+MASShorthandAdditions.h */ = {isa = PBXFileReference; fileEncoding = 4; lastKnownFileType = sourcecode.c.h; path = "NSArray+MASShorthandAdditions.h"; sourceTree = "<group>"; };
		A738BEF72AEA52CA00A65F7E /* MASConstraintMaker.h */ = {isa = PBXFileReference; fileEncoding = 4; lastKnownFileType = sourcecode.c.h; path = MASConstraintMaker.h; sourceTree = "<group>"; };
		A738BEF82AEA52CA00A65F7E /* View+MASAdditions.h */ = {isa = PBXFileReference; fileEncoding = 4; lastKnownFileType = sourcecode.c.h; path = "View+MASAdditions.h"; sourceTree = "<group>"; };
		A738BEF92AEA52CA00A65F7E /* NSArray+MASAdditions.h */ = {isa = PBXFileReference; fileEncoding = 4; lastKnownFileType = sourcecode.c.h; path = "NSArray+MASAdditions.h"; sourceTree = "<group>"; };
		A738BEFA2AEA52CA00A65F7E /* MASUtilities.h */ = {isa = PBXFileReference; fileEncoding = 4; lastKnownFileType = sourcecode.c.h; path = MASUtilities.h; sourceTree = "<group>"; };
		A738BEFB2AEA52CA00A65F7E /* MASViewAttribute.h */ = {isa = PBXFileReference; fileEncoding = 4; lastKnownFileType = sourcecode.c.h; path = MASViewAttribute.h; sourceTree = "<group>"; };
		A738BEFC2AEA52CA00A65F7E /* ViewController+MASAdditions.m */ = {isa = PBXFileReference; fileEncoding = 4; lastKnownFileType = sourcecode.c.objc; path = "ViewController+MASAdditions.m"; sourceTree = "<group>"; };
		A738BEFD2AEA52CA00A65F7E /* MASViewConstraint.h */ = {isa = PBXFileReference; fileEncoding = 4; lastKnownFileType = sourcecode.c.h; path = MASViewConstraint.h; sourceTree = "<group>"; };
		A738BEFE2AEA52CA00A65F7E /* MASConstraint.h */ = {isa = PBXFileReference; fileEncoding = 4; lastKnownFileType = sourcecode.c.h; path = MASConstraint.h; sourceTree = "<group>"; };
		A738BEFF2AEA52CA00A65F7E /* NSLayoutConstraint+MASDebugAdditions.h */ = {isa = PBXFileReference; fileEncoding = 4; lastKnownFileType = sourcecode.c.h; path = "NSLayoutConstraint+MASDebugAdditions.h"; sourceTree = "<group>"; };
		A738BF002AEA52CA00A65F7E /* MASCompositeConstraint.m */ = {isa = PBXFileReference; fileEncoding = 4; lastKnownFileType = sourcecode.c.objc; path = MASCompositeConstraint.m; sourceTree = "<group>"; };
		A738BF012AEA52CA00A65F7E /* MASConstraintMaker.m */ = {isa = PBXFileReference; fileEncoding = 4; lastKnownFileType = sourcecode.c.objc; path = MASConstraintMaker.m; sourceTree = "<group>"; };
		A738BF022AEA52CA00A65F7E /* MASLayoutConstraint.m */ = {isa = PBXFileReference; fileEncoding = 4; lastKnownFileType = sourcecode.c.objc; path = MASLayoutConstraint.m; sourceTree = "<group>"; };
		A738BF032AEA52CA00A65F7E /* NSArray+MASAdditions.m */ = {isa = PBXFileReference; fileEncoding = 4; lastKnownFileType = sourcecode.c.objc; path = "NSArray+MASAdditions.m"; sourceTree = "<group>"; };
		A738BF042AEA52CA00A65F7E /* View+MASAdditions.m */ = {isa = PBXFileReference; fileEncoding = 4; lastKnownFileType = sourcecode.c.objc; path = "View+MASAdditions.m"; sourceTree = "<group>"; };
		A738BF052AEA52CA00A65F7E /* View+MASShorthandAdditions.h */ = {isa = PBXFileReference; fileEncoding = 4; lastKnownFileType = sourcecode.c.h; path = "View+MASShorthandAdditions.h"; sourceTree = "<group>"; };
		A738BF062AEA52CA00A65F7E /* Masonry.h */ = {isa = PBXFileReference; fileEncoding = 4; lastKnownFileType = sourcecode.c.h; path = Masonry.h; sourceTree = "<group>"; };
		A738BF072AEA52CA00A65F7E /* MASConstraint.m */ = {isa = PBXFileReference; fileEncoding = 4; lastKnownFileType = sourcecode.c.objc; path = MASConstraint.m; sourceTree = "<group>"; };
		A738BF082AEA52CA00A65F7E /* ViewController+MASAdditions.h */ = {isa = PBXFileReference; fileEncoding = 4; lastKnownFileType = sourcecode.c.h; path = "ViewController+MASAdditions.h"; sourceTree = "<group>"; };
		A738BF092AEA52CB00A65F7E /* MASViewConstraint.m */ = {isa = PBXFileReference; fileEncoding = 4; lastKnownFileType = sourcecode.c.objc; path = MASViewConstraint.m; sourceTree = "<group>"; };
		A738BF0A2AEA52CB00A65F7E /* MASViewAttribute.m */ = {isa = PBXFileReference; fileEncoding = 4; lastKnownFileType = sourcecode.c.objc; path = MASViewAttribute.m; sourceTree = "<group>"; };
		A738BF162AEA530100A65F7E /* NetworkHelper.m */ = {isa = PBXFileReference; fileEncoding = 4; lastKnownFileType = sourcecode.c.objc; path = NetworkHelper.m; sourceTree = "<group>"; };
		A738BF172AEA530100A65F7E /* NetworkHelper.h */ = {isa = PBXFileReference; fileEncoding = 4; lastKnownFileType = sourcecode.c.h; path = NetworkHelper.h; sourceTree = "<group>"; };
		A738BF1D2AEA548700A65F7E /* UIDevice+Extension.h */ = {isa = PBXFileReference; fileEncoding = 4; lastKnownFileType = sourcecode.c.h; path = "UIDevice+Extension.h"; sourceTree = "<group>"; };
		A738BF232AEA548700A65F7E /* UIDevice+Extension.m */ = {isa = PBXFileReference; fileEncoding = 4; lastKnownFileType = sourcecode.c.objc; path = "UIDevice+Extension.m"; sourceTree = "<group>"; };
		A738BF3D2AEA5A8100A65F7E /* UIFont+Extension.h */ = {isa = PBXFileReference; lastKnownFileType = sourcecode.c.h; path = "UIFont+Extension.h"; sourceTree = "<group>"; };
		A738BF3E2AEA5A8100A65F7E /* UIFont+Extension.m */ = {isa = PBXFileReference; lastKnownFileType = sourcecode.c.objc; path = "UIFont+Extension.m"; sourceTree = "<group>"; };
		A738BF402AEA6C8B00A65F7E /* DIN-Medium.ttf */ = {isa = PBXFileReference; lastKnownFileType = file; path = "DIN-Medium.ttf"; sourceTree = "<group>"; };
		A738BF452AEB54EE00A65F7E /* TYChartContainerView.h */ = {isa = PBXFileReference; lastKnownFileType = sourcecode.c.h; path = TYChartContainerView.h; sourceTree = "<group>"; };
		A738BF462AEB54EE00A65F7E /* TYChartContainerView.m */ = {isa = PBXFileReference; lastKnownFileType = sourcecode.c.objc; path = TYChartContainerView.m; sourceTree = "<group>"; };
		A74132DF2AEF9795009070CA /* TYChartHandOperationView.h */ = {isa = PBXFileReference; fileEncoding = 4; lastKnownFileType = sourcecode.c.h; path = TYChartHandOperationView.h; sourceTree = "<group>"; };
		A74132E02AEF9795009070CA /* TYChartHandOperationView.m */ = {isa = PBXFileReference; fileEncoding = 4; lastKnownFileType = sourcecode.c.objc; path = TYChartHandOperationView.m; sourceTree = "<group>"; };
		A74132E12AEF9795009070CA /* TYLongPressButton.m */ = {isa = PBXFileReference; fileEncoding = 4; lastKnownFileType = sourcecode.c.objc; path = TYLongPressButton.m; sourceTree = "<group>"; };
		A74132E22AEF9795009070CA /* TYLongPressButton.h */ = {isa = PBXFileReference; fileEncoding = 4; lastKnownFileType = sourcecode.c.h; path = TYLongPressButton.h; sourceTree = "<group>"; };
		A74132E72AEF986B009070CA /* icon_expand@2x.png */ = {isa = PBXFileReference; lastKnownFileType = image.png; path = "icon_expand@2x.png"; sourceTree = "<group>"; };
		A74132E82AEF986B009070CA /* icon_expand@3x.png */ = {isa = PBXFileReference; lastKnownFileType = image.png; path = "icon_expand@3x.png"; sourceTree = "<group>"; };
		A74132EB2AEF9873009070CA /* icon_enlarge@3x.png */ = {isa = PBXFileReference; lastKnownFileType = image.png; path = "icon_enlarge@3x.png"; sourceTree = "<group>"; };
		A74132EC2AEF9873009070CA /* icon_enlarge@2x.png */ = {isa = PBXFileReference; lastKnownFileType = image.png; path = "icon_enlarge@2x.png"; sourceTree = "<group>"; };
		A74132EF2AEF987C009070CA /* icon_fold@2x.png */ = {isa = PBXFileReference; lastKnownFileType = image.png; path = "icon_fold@2x.png"; sourceTree = "<group>"; };
		A74132F02AEF987C009070CA /* icon_fold@3x.png */ = {isa = PBXFileReference; lastKnownFileType = image.png; path = "icon_fold@3x.png"; sourceTree = "<group>"; };
		A74132F32AEF9883009070CA /* icon_left@2x.png */ = {isa = PBXFileReference; lastKnownFileType = image.png; path = "icon_left@2x.png"; sourceTree = "<group>"; };
		A74132F42AEF9883009070CA /* icon_left@3x.png */ = {isa = PBXFileReference; lastKnownFileType = image.png; path = "icon_left@3x.png"; sourceTree = "<group>"; };
		A74132F72AEF9888009070CA /* icon_reduce@3x.png */ = {isa = PBXFileReference; lastKnownFileType = image.png; path = "icon_reduce@3x.png"; sourceTree = "<group>"; };
		A74132F82AEF9888009070CA /* icon_reduce@2x.png */ = {isa = PBXFileReference; lastKnownFileType = image.png; path = "icon_reduce@2x.png"; sourceTree = "<group>"; };
		A74132FB2AEF988E009070CA /* icon_right@2x.png */ = {isa = PBXFileReference; lastKnownFileType = image.png; path = "icon_right@2x.png"; sourceTree = "<group>"; };
		A74132FC2AEF988E009070CA /* icon_right@3x.png */ = {isa = PBXFileReference; lastKnownFileType = image.png; path = "icon_right@3x.png"; sourceTree = "<group>"; };
		A74132FF2AEF98A8009070CA /* NSArray+Filter.h */ = {isa = PBXFileReference; fileEncoding = 4; lastKnownFileType = sourcecode.c.h; path = "NSArray+Filter.h"; sourceTree = "<group>"; };
		A74133002AEF98A8009070CA /* NSArray+Filter.m */ = {isa = PBXFileReference; fileEncoding = 4; lastKnownFileType = sourcecode.c.objc; path = "NSArray+Filter.m"; sourceTree = "<group>"; };
		A74133022AEF98BA009070CA /* TYWeakTimer.h */ = {isa = PBXFileReference; fileEncoding = 4; lastKnownFileType = sourcecode.c.h; path = TYWeakTimer.h; sourceTree = "<group>"; };
		A74133032AEF98BA009070CA /* TYWeakTimer.m */ = {isa = PBXFileReference; fileEncoding = 4; lastKnownFileType = sourcecode.c.objc; path = TYWeakTimer.m; sourceTree = "<group>"; };
		A74133052AEFA45F009070CA /* KLineViewController.h */ = {isa = PBXFileReference; lastKnownFileType = sourcecode.c.h; path = KLineViewController.h; sourceTree = "<group>"; };
		A74133062AEFA45F009070CA /* KLineViewController.m */ = {isa = PBXFileReference; lastKnownFileType = sourcecode.c.objc; path = KLineViewController.m; sourceTree = "<group>"; };
		A74133082AEFA5A8009070CA /* TimeLineViewController.h */ = {isa = PBXFileReference; lastKnownFileType = sourcecode.c.h; path = TimeLineViewController.h; sourceTree = "<group>"; };
		A74133092AEFA5A8009070CA /* TimeLineViewController.m */ = {isa = PBXFileReference; lastKnownFileType = sourcecode.c.objc; path = TimeLineViewController.m; sourceTree = "<group>"; };
		A741330B2AEFB57F009070CA /* TYTimeIndexChartView.h */ = {isa = PBXFileReference; lastKnownFileType = sourcecode.c.h; path = TYTimeIndexChartView.h; sourceTree = "<group>"; };
		A741330C2AEFB57F009070CA /* TYTimeIndexChartView.m */ = {isa = PBXFileReference; lastKnownFileType = sourcecode.c.objc; path = TYTimeIndexChartView.m; sourceTree = "<group>"; };
		A741330E2AEFB5AA009070CA /* TYTimeIndexChartLayer.h */ = {isa = PBXFileReference; lastKnownFileType = sourcecode.c.h; path = TYTimeIndexChartLayer.h; sourceTree = "<group>"; };
		A741330F2AEFB5AA009070CA /* TYTimeIndexChartLayer.m */ = {isa = PBXFileReference; lastKnownFileType = sourcecode.c.objc; path = TYTimeIndexChartLayer.m; sourceTree = "<group>"; };
		A7AC4C152AF0DA29005AE737 /* TimeLineMinuteModel.h */ = {isa = PBXFileReference; lastKnownFileType = sourcecode.c.h; path = TimeLineMinuteModel.h; sourceTree = "<group>"; };
		A7AC4C162AF0DA29005AE737 /* TimeLineMinuteModel.m */ = {isa = PBXFileReference; lastKnownFileType = sourcecode.c.objc; path = TimeLineMinuteModel.m; sourceTree = "<group>"; };
		A7AC4C192AF0DD22005AE737 /* YYClassInfo.h */ = {isa = PBXFileReference; fileEncoding = 4; lastKnownFileType = sourcecode.c.h; path = YYClassInfo.h; sourceTree = "<group>"; };
		A7AC4C1A2AF0DD22005AE737 /* YYModel.h */ = {isa = PBXFileReference; fileEncoding = 4; lastKnownFileType = sourcecode.c.h; path = YYModel.h; sourceTree = "<group>"; };
		A7AC4C1B2AF0DD22005AE737 /* NSObject+YYModel.m */ = {isa = PBXFileReference; fileEncoding = 4; lastKnownFileType = sourcecode.c.objc; path = "NSObject+YYModel.m"; sourceTree = "<group>"; };
		A7AC4C1C2AF0DD22005AE737 /* YYClassInfo.m */ = {isa = PBXFileReference; fileEncoding = 4; lastKnownFileType = sourcecode.c.objc; path = YYClassInfo.m; sourceTree = "<group>"; };
		A7AC4C1D2AF0DD22005AE737 /* NSObject+YYModel.h */ = {isa = PBXFileReference; fileEncoding = 4; lastKnownFileType = sourcecode.c.h; path = "NSObject+YYModel.h"; sourceTree = "<group>"; };
		A7AC4C232AF0FBEE005AE737 /* TYTimeIndexChartContainerView.h */ = {isa = PBXFileReference; lastKnownFileType = sourcecode.c.h; path = TYTimeIndexChartContainerView.h; sourceTree = "<group>"; };
		A7AC4C242AF0FBEE005AE737 /* TYTimeIndexChartContainerView.m */ = {isa = PBXFileReference; lastKnownFileType = sourcecode.c.objc; path = TYTimeIndexChartContainerView.m; sourceTree = "<group>"; };
		A7AC4C2F2AF1F28F005AE737 /* UIScrollView+MJRefresh.m */ = {isa = PBXFileReference; fileEncoding = 4; lastKnownFileType = sourcecode.c.objc; path = "UIScrollView+MJRefresh.m"; sourceTree = "<group>"; };
		A7AC4C302AF1F28F005AE737 /* UICollectionViewLayout+MJRefresh.m */ = {isa = PBXFileReference; fileEncoding = 4; lastKnownFileType = sourcecode.c.objc; path = "UICollectionViewLayout+MJRefresh.m"; sourceTree = "<group>"; };
		A7AC4C312AF1F28F005AE737 /* MJRefreshConst.m */ = {isa = PBXFileReference; fileEncoding = 4; lastKnownFileType = sourcecode.c.objc; path = MJRefreshConst.m; sourceTree = "<group>"; };
		A7AC4C322AF1F28F005AE737 /* MJRefreshConfig.m */ = {isa = PBXFileReference; fileEncoding = 4; lastKnownFileType = sourcecode.c.objc; path = MJRefreshConfig.m; sourceTree = "<group>"; };
		A7AC4C332AF1F28F005AE737 /* UIScrollView+MJExtension.h */ = {isa = PBXFileReference; fileEncoding = 4; lastKnownFileType = sourcecode.c.h; path = "UIScrollView+MJExtension.h"; sourceTree = "<group>"; };
		A7AC4C342AF1F28F005AE737 /* MJRefresh.h */ = {isa = PBXFileReference; fileEncoding = 4; lastKnownFileType = sourcecode.c.h; path = MJRefresh.h; sourceTree = "<group>"; };
		A7AC4C352AF1F28F005AE737 /* NSBundle+MJRefresh.h */ = {isa = PBXFileReference; fileEncoding = 4; lastKnownFileType = sourcecode.c.h; path = "NSBundle+MJRefresh.h"; sourceTree = "<group>"; };
		A7AC4C362AF1F28F005AE737 /* MJRefresh.bundle */ = {isa = PBXFileReference; lastKnownFileType = "wrapper.plug-in"; path = MJRefresh.bundle; sourceTree = "<group>"; };
		A7AC4C372AF1F28F005AE737 /* UIView+MJExtension.h */ = {isa = PBXFileReference; fileEncoding = 4; lastKnownFileType = sourcecode.c.h; path = "UIView+MJExtension.h"; sourceTree = "<group>"; };
		A7AC4C392AF1F28F005AE737 /* MJRefreshComponent.h */ = {isa = PBXFileReference; fileEncoding = 4; lastKnownFileType = sourcecode.c.h; path = MJRefreshComponent.h; sourceTree = "<group>"; };
		A7AC4C3A2AF1F28F005AE737 /* UIScrollView+MJExtension.h */ = {isa = PBXFileReference; fileEncoding = 4; lastKnownFileType = sourcecode.c.h; path = "UIScrollView+MJExtension.h"; sourceTree = "<group>"; };
		A7AC4C3B2AF1F28F005AE737 /* MJRefreshAutoStateFooter.h */ = {isa = PBXFileReference; fileEncoding = 4; lastKnownFileType = sourcecode.c.h; path = MJRefreshAutoStateFooter.h; sourceTree = "<group>"; };
		A7AC4C3C2AF1F28F005AE737 /* MJRefreshAutoFooter.h */ = {isa = PBXFileReference; fileEncoding = 4; lastKnownFileType = sourcecode.c.h; path = MJRefreshAutoFooter.h; sourceTree = "<group>"; };
		A7AC4C3D2AF1F28F005AE737 /* MJRefreshNormalTrailer.h */ = {isa = PBXFileReference; fileEncoding = 4; lastKnownFileType = sourcecode.c.h; path = MJRefreshNormalTrailer.h; sourceTree = "<group>"; };
		A7AC4C3E2AF1F28F005AE737 /* MJRefresh.h */ = {isa = PBXFileReference; fileEncoding = 4; lastKnownFileType = sourcecode.c.h; path = MJRefresh.h; sourceTree = "<group>"; };
		A7AC4C3F2AF1F28F005AE737 /* NSBundle+MJRefresh.h */ = {isa = PBXFileReference; fileEncoding = 4; lastKnownFileType = sourcecode.c.h; path = "NSBundle+MJRefresh.h"; sourceTree = "<group>"; };
		A7AC4C402AF1F28F005AE737 /* MJRefreshBackGifFooter.h */ = {isa = PBXFileReference; fileEncoding = 4; lastKnownFileType = sourcecode.c.h; path = MJRefreshBackGifFooter.h; sourceTree = "<group>"; };
		A7AC4C412AF1F28F005AE737 /* MJRefreshBackStateFooter.h */ = {isa = PBXFileReference; fileEncoding = 4; lastKnownFileType = sourcecode.c.h; path = MJRefreshBackStateFooter.h; sourceTree = "<group>"; };
		A7AC4C422AF1F28F005AE737 /* UIView+MJExtension.h */ = {isa = PBXFileReference; fileEncoding = 4; lastKnownFileType = sourcecode.c.h; path = "UIView+MJExtension.h"; sourceTree = "<group>"; };
		A7AC4C432AF1F28F005AE737 /* MJRefreshBackNormalFooter.h */ = {isa = PBXFileReference; fileEncoding = 4; lastKnownFileType = sourcecode.c.h; path = MJRefreshBackNormalFooter.h; sourceTree = "<group>"; };
		A7AC4C442AF1F28F005AE737 /* MJRefreshAutoNormalFooter.h */ = {isa = PBXFileReference; fileEncoding = 4; lastKnownFileType = sourcecode.c.h; path = MJRefreshAutoNormalFooter.h; sourceTree = "<group>"; };
		A7AC4C452AF1F28F005AE737 /* MJRefreshTrailer.h */ = {isa = PBXFileReference; fileEncoding = 4; lastKnownFileType = sourcecode.c.h; path = MJRefreshTrailer.h; sourceTree = "<group>"; };
		A7AC4C462AF1F28F005AE737 /* MJRefreshStateHeader.h */ = {isa = PBXFileReference; fileEncoding = 4; lastKnownFileType = sourcecode.c.h; path = MJRefreshStateHeader.h; sourceTree = "<group>"; };
		A7AC4C472AF1F28F005AE737 /* MJRefreshGifHeader.h */ = {isa = PBXFileReference; fileEncoding = 4; lastKnownFileType = sourcecode.c.h; path = MJRefreshGifHeader.h; sourceTree = "<group>"; };
		A7AC4C482AF1F28F005AE737 /* MJRefreshAutoGifFooter.h */ = {isa = PBXFileReference; fileEncoding = 4; lastKnownFileType = sourcecode.c.h; path = MJRefreshAutoGifFooter.h; sourceTree = "<group>"; };
		A7AC4C492AF1F28F005AE737 /* MJRefreshHeader.h */ = {isa = PBXFileReference; fileEncoding = 4; lastKnownFileType = sourcecode.c.h; path = MJRefreshHeader.h; sourceTree = "<group>"; };
		A7AC4C4A2AF1F28F005AE737 /* MJRefreshFooter.h */ = {isa = PBXFileReference; fileEncoding = 4; lastKnownFileType = sourcecode.c.h; path = MJRefreshFooter.h; sourceTree = "<group>"; };
		A7AC4C4B2AF1F28F005AE737 /* MJRefreshConfig.h */ = {isa = PBXFileReference; fileEncoding = 4; lastKnownFileType = sourcecode.c.h; path = MJRefreshConfig.h; sourceTree = "<group>"; };
		A7AC4C4C2AF1F28F005AE737 /* MJRefreshConst.h */ = {isa = PBXFileReference; fileEncoding = 4; lastKnownFileType = sourcecode.c.h; path = MJRefreshConst.h; sourceTree = "<group>"; };
		A7AC4C4D2AF1F28F005AE737 /* UIScrollView+MJRefresh.h */ = {isa = PBXFileReference; fileEncoding = 4; lastKnownFileType = sourcecode.c.h; path = "UIScrollView+MJRefresh.h"; sourceTree = "<group>"; };
		A7AC4C4E2AF1F28F005AE737 /* MJRefreshNormalHeader.h */ = {isa = PBXFileReference; fileEncoding = 4; lastKnownFileType = sourcecode.c.h; path = MJRefreshNormalHeader.h; sourceTree = "<group>"; };
		A7AC4C4F2AF1F28F005AE737 /* MJRefreshStateTrailer.h */ = {isa = PBXFileReference; fileEncoding = 4; lastKnownFileType = sourcecode.c.h; path = MJRefreshStateTrailer.h; sourceTree = "<group>"; };
		A7AC4C502AF1F28F005AE737 /* MJRefreshBackFooter.h */ = {isa = PBXFileReference; fileEncoding = 4; lastKnownFileType = sourcecode.c.h; path = MJRefreshBackFooter.h; sourceTree = "<group>"; };
		A7AC4C512AF1F28F005AE737 /* UIScrollView+MJExtension.m */ = {isa = PBXFileReference; fileEncoding = 4; lastKnownFileType = sourcecode.c.objc; path = "UIScrollView+MJExtension.m"; sourceTree = "<group>"; };
		A7AC4C522AF1F28F005AE737 /* MJRefreshConfig.h */ = {isa = PBXFileReference; fileEncoding = 4; lastKnownFileType = sourcecode.c.h; path = MJRefreshConfig.h; sourceTree = "<group>"; };
		A7AC4C532AF1F28F005AE737 /* MJRefreshConst.h */ = {isa = PBXFileReference; fileEncoding = 4; lastKnownFileType = sourcecode.c.h; path = MJRefreshConst.h; sourceTree = "<group>"; };
		A7AC4C542AF1F28F005AE737 /* UICollectionViewLayout+MJRefresh.h */ = {isa = PBXFileReference; fileEncoding = 4; lastKnownFileType = sourcecode.c.h; path = "UICollectionViewLayout+MJRefresh.h"; sourceTree = "<group>"; };
		A7AC4C552AF1F28F005AE737 /* UIScrollView+MJRefresh.h */ = {isa = PBXFileReference; fileEncoding = 4; lastKnownFileType = sourcecode.c.h; path = "UIScrollView+MJRefresh.h"; sourceTree = "<group>"; };
		A7AC4C562AF1F28F005AE737 /* NSBundle+MJRefresh.m */ = {isa = PBXFileReference; fileEncoding = 4; lastKnownFileType = sourcecode.c.objc; path = "NSBundle+MJRefresh.m"; sourceTree = "<group>"; };
		A7AC4C572AF1F28F005AE737 /* UIView+MJExtension.m */ = {isa = PBXFileReference; fileEncoding = 4; lastKnownFileType = sourcecode.c.objc; path = "UIView+MJExtension.m"; sourceTree = "<group>"; };
		A7AC4C5B2AF1F28F005AE737 /* MJRefreshBackGifFooter.h */ = {isa = PBXFileReference; fileEncoding = 4; lastKnownFileType = sourcecode.c.h; path = MJRefreshBackGifFooter.h; sourceTree = "<group>"; };
		A7AC4C5C2AF1F28F005AE737 /* MJRefreshBackStateFooter.h */ = {isa = PBXFileReference; fileEncoding = 4; lastKnownFileType = sourcecode.c.h; path = MJRefreshBackStateFooter.h; sourceTree = "<group>"; };
		A7AC4C5D2AF1F28F005AE737 /* MJRefreshBackNormalFooter.h */ = {isa = PBXFileReference; fileEncoding = 4; lastKnownFileType = sourcecode.c.h; path = MJRefreshBackNormalFooter.h; sourceTree = "<group>"; };
		A7AC4C5E2AF1F28F005AE737 /* MJRefreshBackGifFooter.m */ = {isa = PBXFileReference; fileEncoding = 4; lastKnownFileType = sourcecode.c.objc; path = MJRefreshBackGifFooter.m; sourceTree = "<group>"; };
		A7AC4C5F2AF1F28F005AE737 /* MJRefreshBackStateFooter.m */ = {isa = PBXFileReference; fileEncoding = 4; lastKnownFileType = sourcecode.c.objc; path = MJRefreshBackStateFooter.m; sourceTree = "<group>"; };
		A7AC4C602AF1F28F005AE737 /* MJRefreshBackNormalFooter.m */ = {isa = PBXFileReference; fileEncoding = 4; lastKnownFileType = sourcecode.c.objc; path = MJRefreshBackNormalFooter.m; sourceTree = "<group>"; };
		A7AC4C622AF1F28F005AE737 /* MJRefreshAutoStateFooter.h */ = {isa = PBXFileReference; fileEncoding = 4; lastKnownFileType = sourcecode.c.h; path = MJRefreshAutoStateFooter.h; sourceTree = "<group>"; };
		A7AC4C632AF1F28F005AE737 /* MJRefreshAutoNormalFooter.h */ = {isa = PBXFileReference; fileEncoding = 4; lastKnownFileType = sourcecode.c.h; path = MJRefreshAutoNormalFooter.h; sourceTree = "<group>"; };
		A7AC4C642AF1F28F005AE737 /* MJRefreshAutoGifFooter.h */ = {isa = PBXFileReference; fileEncoding = 4; lastKnownFileType = sourcecode.c.h; path = MJRefreshAutoGifFooter.h; sourceTree = "<group>"; };
		A7AC4C652AF1F28F005AE737 /* MJRefreshAutoStateFooter.m */ = {isa = PBXFileReference; fileEncoding = 4; lastKnownFileType = sourcecode.c.objc; path = MJRefreshAutoStateFooter.m; sourceTree = "<group>"; };
		A7AC4C662AF1F28F005AE737 /* MJRefreshAutoGifFooter.m */ = {isa = PBXFileReference; fileEncoding = 4; lastKnownFileType = sourcecode.c.objc; path = MJRefreshAutoGifFooter.m; sourceTree = "<group>"; };
		A7AC4C672AF1F28F005AE737 /* MJRefreshAutoNormalFooter.m */ = {isa = PBXFileReference; fileEncoding = 4; lastKnownFileType = sourcecode.c.objc; path = MJRefreshAutoNormalFooter.m; sourceTree = "<group>"; };
		A7AC4C692AF1F28F005AE737 /* MJRefreshNormalTrailer.h */ = {isa = PBXFileReference; fileEncoding = 4; lastKnownFileType = sourcecode.c.h; path = MJRefreshNormalTrailer.h; sourceTree = "<group>"; };
		A7AC4C6A2AF1F28F005AE737 /* MJRefreshStateTrailer.m */ = {isa = PBXFileReference; fileEncoding = 4; lastKnownFileType = sourcecode.c.objc; path = MJRefreshStateTrailer.m; sourceTree = "<group>"; };
		A7AC4C6B2AF1F28F005AE737 /* MJRefreshNormalTrailer.m */ = {isa = PBXFileReference; fileEncoding = 4; lastKnownFileType = sourcecode.c.objc; path = MJRefreshNormalTrailer.m; sourceTree = "<group>"; };
		A7AC4C6C2AF1F28F005AE737 /* MJRefreshStateTrailer.h */ = {isa = PBXFileReference; fileEncoding = 4; lastKnownFileType = sourcecode.c.h; path = MJRefreshStateTrailer.h; sourceTree = "<group>"; };
		A7AC4C6E2AF1F28F005AE737 /* MJRefreshNormalHeader.m */ = {isa = PBXFileReference; fileEncoding = 4; lastKnownFileType = sourcecode.c.objc; path = MJRefreshNormalHeader.m; sourceTree = "<group>"; };
		A7AC4C6F2AF1F28F005AE737 /* MJRefreshStateHeader.h */ = {isa = PBXFileReference; fileEncoding = 4; lastKnownFileType = sourcecode.c.h; path = MJRefreshStateHeader.h; sourceTree = "<group>"; };
		A7AC4C702AF1F28F005AE737 /* MJRefreshGifHeader.h */ = {isa = PBXFileReference; fileEncoding = 4; lastKnownFileType = sourcecode.c.h; path = MJRefreshGifHeader.h; sourceTree = "<group>"; };
		A7AC4C712AF1F28F005AE737 /* MJRefreshNormalHeader.h */ = {isa = PBXFileReference; fileEncoding = 4; lastKnownFileType = sourcecode.c.h; path = MJRefreshNormalHeader.h; sourceTree = "<group>"; };
		A7AC4C722AF1F28F005AE737 /* MJRefreshStateHeader.m */ = {isa = PBXFileReference; fileEncoding = 4; lastKnownFileType = sourcecode.c.objc; path = MJRefreshStateHeader.m; sourceTree = "<group>"; };
		A7AC4C732AF1F28F005AE737 /* MJRefreshGifHeader.m */ = {isa = PBXFileReference; fileEncoding = 4; lastKnownFileType = sourcecode.c.objc; path = MJRefreshGifHeader.m; sourceTree = "<group>"; };
		A7AC4C762AF1F28F005AE737 /* MJRefreshFooter.m */ = {isa = PBXFileReference; fileEncoding = 4; lastKnownFileType = sourcecode.c.objc; path = MJRefreshFooter.m; sourceTree = "<group>"; };
		A7AC4C772AF1F28F005AE737 /* MJRefreshComponent.h */ = {isa = PBXFileReference; fileEncoding = 4; lastKnownFileType = sourcecode.c.h; path = MJRefreshComponent.h; sourceTree = "<group>"; };
		A7AC4C782AF1F28F005AE737 /* MJRefreshHeader.m */ = {isa = PBXFileReference; fileEncoding = 4; lastKnownFileType = sourcecode.c.objc; path = MJRefreshHeader.m; sourceTree = "<group>"; };
		A7AC4C792AF1F28F005AE737 /* MJRefreshAutoFooter.h */ = {isa = PBXFileReference; fileEncoding = 4; lastKnownFileType = sourcecode.c.h; path = MJRefreshAutoFooter.h; sourceTree = "<group>"; };
		A7AC4C7A2AF1F28F005AE737 /* MJRefreshTrailer.h */ = {isa = PBXFileReference; fileEncoding = 4; lastKnownFileType = sourcecode.c.h; path = MJRefreshTrailer.h; sourceTree = "<group>"; };
		A7AC4C7B2AF1F28F005AE737 /* MJRefreshBackFooter.m */ = {isa = PBXFileReference; fileEncoding = 4; lastKnownFileType = sourcecode.c.objc; path = MJRefreshBackFooter.m; sourceTree = "<group>"; };
		A7AC4C7C2AF1F28F005AE737 /* MJRefreshAutoFooter.m */ = {isa = PBXFileReference; fileEncoding = 4; lastKnownFileType = sourcecode.c.objc; path = MJRefreshAutoFooter.m; sourceTree = "<group>"; };
		A7AC4C7D2AF1F28F005AE737 /* MJRefreshHeader.h */ = {isa = PBXFileReference; fileEncoding = 4; lastKnownFileType = sourcecode.c.h; path = MJRefreshHeader.h; sourceTree = "<group>"; };
		A7AC4C7E2AF1F28F005AE737 /* MJRefreshComponent.m */ = {isa = PBXFileReference; fileEncoding = 4; lastKnownFileType = sourcecode.c.objc; path = MJRefreshComponent.m; sourceTree = "<group>"; };
		A7AC4C7F2AF1F28F005AE737 /* MJRefreshFooter.h */ = {isa = PBXFileReference; fileEncoding = 4; lastKnownFileType = sourcecode.c.h; path = MJRefreshFooter.h; sourceTree = "<group>"; };
		A7AC4C802AF1F28F005AE737 /* MJRefreshBackFooter.h */ = {isa = PBXFileReference; fileEncoding = 4; lastKnownFileType = sourcecode.c.h; path = MJRefreshBackFooter.h; sourceTree = "<group>"; };
		A7AC4C812AF1F28F005AE737 /* MJRefreshTrailer.m */ = {isa = PBXFileReference; fileEncoding = 4; lastKnownFileType = sourcecode.c.objc; path = MJRefreshTrailer.m; sourceTree = "<group>"; };
		A7EEEEF92AEBB0320064FBD5 /* TYChartConst.h */ = {isa = PBXFileReference; fileEncoding = 4; lastKnownFileType = sourcecode.c.h; path = TYChartConst.h; sourceTree = "<group>"; };
		A7EEEEFA2AEBB0320064FBD5 /* TYChartConst.m */ = {isa = PBXFileReference; fileEncoding = 4; lastKnownFileType = sourcecode.c.objc; path = TYChartConst.m; sourceTree = "<group>"; };
		A7EEEEFC2AEBB0D90064FBD5 /* TYDecimalNumberTool.h */ = {isa = PBXFileReference; lastKnownFileType = sourcecode.c.h; path = TYDecimalNumberTool.h; sourceTree = "<group>"; };
		A7EEEEFD2AEBB0D90064FBD5 /* TYDecimalNumberTool.m */ = {isa = PBXFileReference; lastKnownFileType = sourcecode.c.objc; path = TYDecimalNumberTool.m; sourceTree = "<group>"; };
/* End PBXFileReference section */

/* Begin PBXFrameworksBuildPhase section */
		A738BE7A2AEA444100A65F7E /* Frameworks */ = {
			isa = PBXFrameworksBuildPhase;
			buildActionMask = 2147483647;
			files = (
			);
			runOnlyForDeploymentPostprocessing = 0;
		};
/* End PBXFrameworksBuildPhase section */

/* Begin PBXGroup section */
		A738BE742AEA444100A65F7E = {
			isa = PBXGroup;
			children = (
				A738BE7F2AEA444100A65F7E /* TYCharts */,
				A738BE7E2AEA444100A65F7E /* Products */,
			);
			sourceTree = "<group>";
		};
		A738BE7E2AEA444100A65F7E /* Products */ = {
			isa = PBXGroup;
			children = (
				A738BE7D2AEA444100A65F7E /* TYCharts.app */,
			);
			name = Products;
			sourceTree = "<group>";
		};
		A738BE7F2AEA444100A65F7E /* TYCharts */ = {
			isa = PBXGroup;
			children = (
				A738BEE42AEA488700A65F7E /* TYPrefixHeader.pch */,
				A738BE992AEA444A00A65F7E /* TYCharts */,
				A738BE802AEA444100A65F7E /* AppDelegate.h */,
				A738BE812AEA444100A65F7E /* AppDelegate.m */,
				A738BE832AEA444100A65F7E /* SceneDelegate.h */,
				A738BE842AEA444100A65F7E /* SceneDelegate.m */,
				A738BE862AEA444100A65F7E /* ViewController.h */,
				A738BE872AEA444100A65F7E /* ViewController.m */,
				A74133052AEFA45F009070CA /* KLineViewController.h */,
				A74133062AEFA45F009070CA /* KLineViewController.m */,
				A74133082AEFA5A8009070CA /* TimeLineViewController.h */,
				A74133092AEFA5A8009070CA /* TimeLineViewController.m */,
				A7AC4C152AF0DA29005AE737 /* TimeLineMinuteModel.h */,
				A7AC4C162AF0DA29005AE737 /* TimeLineMinuteModel.m */,
				A738BF452AEB54EE00A65F7E /* TYChartContainerView.h */,
				A738BF462AEB54EE00A65F7E /* TYChartContainerView.m */,
				A7AC4C232AF0FBEE005AE737 /* TYTimeIndexChartContainerView.h */,
				A7AC4C242AF0FBEE005AE737 /* TYTimeIndexChartContainerView.m */,
				A74132E52AEF9851009070CA /* Button */,
				A738BE892AEA444100A65F7E /* Main.storyboard */,
				A738BE8C2AEA444300A65F7E /* Assets.xcassets */,
				A738BE8E2AEA444300A65F7E /* LaunchScreen.storyboard */,
				A738BE912AEA444300A65F7E /* Info.plist */,
				A738BE922AEA444300A65F7E /* main.m */,
				A738BF402AEA6C8B00A65F7E /* DIN-Medium.ttf */,
				A7AC4C182AF0DD22005AE737 /* YYModel */,
				A738BF152AEA530100A65F7E /* Network */,
				A738BEF12AEA52CA00A65F7E /* Masonry */,
				A7AC4C2E2AF1F28F005AE737 /* MJRefresh */,
			);
			path = TYCharts;
			sourceTree = "<group>";
		};
		A738BE992AEA444A00A65F7E /* TYCharts */ = {
			isa = PBXGroup;
			children = (
				A738BEE82AEA48F300A65F7E /* TYChartHeader.h */,
				A7EEEEF92AEBB0320064FBD5 /* TYChartConst.h */,
				A7EEEEFA2AEBB0320064FBD5 /* TYChartConst.m */,
				A738BEE92AEA497F00A65F7E /* Tools */,
				A738BEDD2AEA480F00A65F7E /* Category */,
				A738BE9C2AEA446100A65F7E /* Models */,
				A738BE9B2AEA445C00A65F7E /* Views */,
				A738BE9A2AEA445700A65F7E /* Layers */,
			);
			path = TYCharts;
			sourceTree = "<group>";
		};
		A738BE9A2AEA445700A65F7E /* Layers */ = {
			isa = PBXGroup;
			children = (
				A738BEBC2AEA466500A65F7E /* TYChartBaseLayer.h */,
				A738BEBD2AEA466500A65F7E /* TYChartBaseLayer.m */,
				A738BEBF2AEA469600A65F7E /* TYAxisChartLayer.h */,
				A738BEC02AEA469600A65F7E /* TYAxisChartLayer.m */,
				A738BEC22AEA46BA00A65F7E /* TYMinMaxPriceLayer.h */,
				A738BEC32AEA46BA00A65F7E /* TYMinMaxPriceLayer.m */,
				A738BEC52AEA46D000A65F7E /* TYCursorLineLayer.h */,
				A738BEC62AEA46D000A65F7E /* TYCursorLineLayer.m */,
				A738BEC82AEA46F900A65F7E /* TYCandleStickLayer.h */,
				A738BEC92AEA46F900A65F7E /* TYCandleStickLayer.m */,
				A738BECB2AEA471A00A65F7E /* TYHistogramLayer.h */,
				A738BECC2AEA471A00A65F7E /* TYHistogramLayer.m */,
				A738BECE2AEA473E00A65F7E /* TYLineLayer.h */,
				A738BECF2AEA473E00A65F7E /* TYLineLayer.m */,
				A741330E2AEFB5AA009070CA /* TYTimeIndexChartLayer.h */,
				A741330F2AEFB5AA009070CA /* TYTimeIndexChartLayer.m */,
			);
			path = Layers;
			sourceTree = "<group>";
		};
		A738BE9B2AEA445C00A65F7E /* Views */ = {
			isa = PBXGroup;
			children = (
				A738BED12AEA476000A65F7E /* TYChartView.h */,
				A738BED22AEA476000A65F7E /* TYChartView.m */,
				A738BED42AEA479E00A65F7E /* TYCandleStickView.h */,
				A738BED52AEA479E00A65F7E /* TYCandleStickView.m */,
				A738BED72AEA47B900A65F7E /* TYBarLineView.h */,
				A738BED82AEA47B900A65F7E /* TYBarLineView.m */,
				A738BEDA2AEA47D000A65F7E /* TYLineTechnologyView.h */,
				A738BEDB2AEA47D000A65F7E /* TYLineTechnologyView.m */,
				A741330B2AEFB57F009070CA /* TYTimeIndexChartView.h */,
				A741330C2AEFB57F009070CA /* TYTimeIndexChartView.m */,
			);
			path = Views;
			sourceTree = "<group>";
		};
		A738BE9C2AEA446100A65F7E /* Models */ = {
			isa = PBXGroup;
			children = (
				A738BE9E2AEA448100A65F7E /* TYChartLineBaseModel.h */,
				A738BE9F2AEA448100A65F7E /* TYChartLineBaseModel.m */,
				A738BEA12AEA44B900A65F7E /* TYChartKLineDataModel.h */,
				A738BEA22AEA44B900A65F7E /* TYChartKLineDataModel.m */,
				A738BEA42AEA450000A65F7E /* TYTechnicalIndexModel.h */,
				A738BEA52AEA450000A65F7E /* TYTechnicalIndexModel.m */,
				A738BEA72AEA453A00A65F7E /* TYChartDataSource.h */,
				A738BEA82AEA453A00A65F7E /* TYChartDataSource.m */,
				A738BEAA2AEA456A00A65F7E /* TYChartMaxMinModel.h */,
				A738BEAB2AEA456A00A65F7E /* TYChartMaxMinModel.m */,
				A738BEAD2AEA458100A65F7E /* TYChartConfiguration.h */,
				A738BEAE2AEA458100A65F7E /* TYChartConfiguration.m */,
				A738BEB02AEA45B000A65F7E /* TYIndexConfiguration.h */,
				A738BEB12AEA45B000A65F7E /* TYIndexConfiguration.m */,
				A738BEB32AEA45C400A65F7E /* TYYAxisModel.h */,
				A738BEB42AEA45C400A65F7E /* TYYAxisModel.m */,
				A738BEB62AEA460800A65F7E /* TYXAxisModel.h */,
				A738BEB72AEA460800A65F7E /* TYXAxisModel.m */,
			);
			path = Models;
			sourceTree = "<group>";
		};
		A738BEDD2AEA480F00A65F7E /* Category */ = {
			isa = PBXGroup;
			children = (
				A74132FF2AEF98A8009070CA /* NSArray+Filter.h */,
				A74133002AEF98A8009070CA /* NSArray+Filter.m */,
				A738BF1D2AEA548700A65F7E /* UIDevice+Extension.h */,
				A738BF232AEA548700A65F7E /* UIDevice+Extension.m */,
				A738BEEF2AEA4A8800A65F7E /* NSDate+Extension.h */,
				A738BEEE2AEA4A8800A65F7E /* NSDate+Extension.m */,
				A738BEE02AEA483400A65F7E /* UIColor+HXColor.h */,
				A738BEE12AEA483400A65F7E /* UIColor+HXColor.m */,
				A738BEDF2AEA483400A65F7E /* UIView+TYFrame.h */,
				A738BEDE2AEA483400A65F7E /* UIView+TYFrame.m */,
				A738BF3D2AEA5A8100A65F7E /* UIFont+Extension.h */,
				A738BF3E2AEA5A8100A65F7E /* UIFont+Extension.m */,
			);
			path = Category;
			sourceTree = "<group>";
		};
		A738BEE92AEA497F00A65F7E /* Tools */ = {
			isa = PBXGroup;
			children = (
				A7EEEEFC2AEBB0D90064FBD5 /* TYDecimalNumberTool.h */,
				A7EEEEFD2AEBB0D90064FBD5 /* TYDecimalNumberTool.m */,
				A738BEB92AEA462200A65F7E /* TYChartAlgorithm.h */,
				A738BEBA2AEA462200A65F7E /* TYChartAlgorithm.m */,
				A74133022AEF98BA009070CA /* TYWeakTimer.h */,
				A74133032AEF98BA009070CA /* TYWeakTimer.m */,
			);
			path = Tools;
			sourceTree = "<group>";
		};
		A738BEF12AEA52CA00A65F7E /* Masonry */ = {
			isa = PBXGroup;
			children = (
				A738BEF22AEA52CA00A65F7E /* MASCompositeConstraint.h */,
				A738BEF32AEA52CA00A65F7E /* NSLayoutConstraint+MASDebugAdditions.m */,
				A738BEF42AEA52CA00A65F7E /* MASConstraint+Private.h */,
				A738BEF52AEA52CA00A65F7E /* MASLayoutConstraint.h */,
				A738BEF62AEA52CA00A65F7E /* NSArray+MASShorthandAdditions.h */,
				A738BEF72AEA52CA00A65F7E /* MASConstraintMaker.h */,
				A738BEF82AEA52CA00A65F7E /* View+MASAdditions.h */,
				A738BEF92AEA52CA00A65F7E /* NSArray+MASAdditions.h */,
				A738BEFA2AEA52CA00A65F7E /* MASUtilities.h */,
				A738BEFB2AEA52CA00A65F7E /* MASViewAttribute.h */,
				A738BEFC2AEA52CA00A65F7E /* ViewController+MASAdditions.m */,
				A738BEFD2AEA52CA00A65F7E /* MASViewConstraint.h */,
				A738BEFE2AEA52CA00A65F7E /* MASConstraint.h */,
				A738BEFF2AEA52CA00A65F7E /* NSLayoutConstraint+MASDebugAdditions.h */,
				A738BF002AEA52CA00A65F7E /* MASCompositeConstraint.m */,
				A738BF012AEA52CA00A65F7E /* MASConstraintMaker.m */,
				A738BF022AEA52CA00A65F7E /* MASLayoutConstraint.m */,
				A738BF032AEA52CA00A65F7E /* NSArray+MASAdditions.m */,
				A738BF042AEA52CA00A65F7E /* View+MASAdditions.m */,
				A738BF052AEA52CA00A65F7E /* View+MASShorthandAdditions.h */,
				A738BF062AEA52CA00A65F7E /* Masonry.h */,
				A738BF072AEA52CA00A65F7E /* MASConstraint.m */,
				A738BF082AEA52CA00A65F7E /* ViewController+MASAdditions.h */,
				A738BF092AEA52CB00A65F7E /* MASViewConstraint.m */,
				A738BF0A2AEA52CB00A65F7E /* MASViewAttribute.m */,
			);
			path = Masonry;
			sourceTree = "<group>";
		};
		A738BF152AEA530100A65F7E /* Network */ = {
			isa = PBXGroup;
			children = (
				A738BF162AEA530100A65F7E /* NetworkHelper.m */,
				A738BF172AEA530100A65F7E /* NetworkHelper.h */,
			);
			path = Network;
			sourceTree = "<group>";
		};
		A74132E52AEF9851009070CA /* Button */ = {
			isa = PBXGroup;
			children = (
				A74132E62AEF9859009070CA /* buttonImages */,
				A74132DF2AEF9795009070CA /* TYChartHandOperationView.h */,
				A74132E02AEF9795009070CA /* TYChartHandOperationView.m */,
				A74132E22AEF9795009070CA /* TYLongPressButton.h */,
				A74132E12AEF9795009070CA /* TYLongPressButton.m */,
			);
			path = Button;
			sourceTree = "<group>";
		};
		A74132E62AEF9859009070CA /* buttonImages */ = {
			isa = PBXGroup;
			children = (
				A74132FB2AEF988E009070CA /* icon_right@2x.png */,
				A74132FC2AEF988E009070CA /* icon_right@3x.png */,
				A74132F82AEF9888009070CA /* icon_reduce@2x.png */,
				A74132F72AEF9888009070CA /* icon_reduce@3x.png */,
				A74132F32AEF9883009070CA /* icon_left@2x.png */,
				A74132F42AEF9883009070CA /* icon_left@3x.png */,
				A74132EF2AEF987C009070CA /* icon_fold@2x.png */,
				A74132F02AEF987C009070CA /* icon_fold@3x.png */,
				A74132EC2AEF9873009070CA /* icon_enlarge@2x.png */,
				A74132EB2AEF9873009070CA /* icon_enlarge@3x.png */,
				A74132E72AEF986B009070CA /* icon_expand@2x.png */,
				A74132E82AEF986B009070CA /* icon_expand@3x.png */,
			);
			path = buttonImages;
			sourceTree = "<group>";
		};
		A7AC4C182AF0DD22005AE737 /* YYModel */ = {
			isa = PBXGroup;
			children = (
				A7AC4C192AF0DD22005AE737 /* YYClassInfo.h */,
				A7AC4C1A2AF0DD22005AE737 /* YYModel.h */,
				A7AC4C1B2AF0DD22005AE737 /* NSObject+YYModel.m */,
				A7AC4C1C2AF0DD22005AE737 /* YYClassInfo.m */,
				A7AC4C1D2AF0DD22005AE737 /* NSObject+YYModel.h */,
			);
			path = YYModel;
			sourceTree = "<group>";
		};
		A7AC4C2E2AF1F28F005AE737 /* MJRefresh */ = {
			isa = PBXGroup;
			children = (
				A7AC4C2F2AF1F28F005AE737 /* UIScrollView+MJRefresh.m */,
				A7AC4C302AF1F28F005AE737 /* UICollectionViewLayout+MJRefresh.m */,
				A7AC4C312AF1F28F005AE737 /* MJRefreshConst.m */,
				A7AC4C322AF1F28F005AE737 /* MJRefreshConfig.m */,
				A7AC4C332AF1F28F005AE737 /* UIScrollView+MJExtension.h */,
				A7AC4C342AF1F28F005AE737 /* MJRefresh.h */,
				A7AC4C352AF1F28F005AE737 /* NSBundle+MJRefresh.h */,
				A7AC4C362AF1F28F005AE737 /* MJRefresh.bundle */,
				A7AC4C372AF1F28F005AE737 /* UIView+MJExtension.h */,
				A7AC4C382AF1F28F005AE737 /* include */,
				A7AC4C512AF1F28F005AE737 /* UIScrollView+MJExtension.m */,
				A7AC4C522AF1F28F005AE737 /* MJRefreshConfig.h */,
				A7AC4C532AF1F28F005AE737 /* MJRefreshConst.h */,
				A7AC4C542AF1F28F005AE737 /* UICollectionViewLayout+MJRefresh.h */,
				A7AC4C552AF1F28F005AE737 /* UIScrollView+MJRefresh.h */,
				A7AC4C562AF1F28F005AE737 /* NSBundle+MJRefresh.m */,
				A7AC4C572AF1F28F005AE737 /* UIView+MJExtension.m */,
				A7AC4C582AF1F28F005AE737 /* Custom */,
				A7AC4C752AF1F28F005AE737 /* Base */,
			);
			path = MJRefresh;
			sourceTree = "<group>";
		};
		A7AC4C382AF1F28F005AE737 /* include */ = {
			isa = PBXGroup;
			children = (
				A7AC4C392AF1F28F005AE737 /* MJRefreshComponent.h */,
				A7AC4C3A2AF1F28F005AE737 /* UIScrollView+MJExtension.h */,
				A7AC4C3B2AF1F28F005AE737 /* MJRefreshAutoStateFooter.h */,
				A7AC4C3C2AF1F28F005AE737 /* MJRefreshAutoFooter.h */,
				A7AC4C3D2AF1F28F005AE737 /* MJRefreshNormalTrailer.h */,
				A7AC4C3E2AF1F28F005AE737 /* MJRefresh.h */,
				A7AC4C3F2AF1F28F005AE737 /* NSBundle+MJRefresh.h */,
				A7AC4C402AF1F28F005AE737 /* MJRefreshBackGifFooter.h */,
				A7AC4C412AF1F28F005AE737 /* MJRefreshBackStateFooter.h */,
				A7AC4C422AF1F28F005AE737 /* UIView+MJExtension.h */,
				A7AC4C432AF1F28F005AE737 /* MJRefreshBackNormalFooter.h */,
				A7AC4C442AF1F28F005AE737 /* MJRefreshAutoNormalFooter.h */,
				A7AC4C452AF1F28F005AE737 /* MJRefreshTrailer.h */,
				A7AC4C462AF1F28F005AE737 /* MJRefreshStateHeader.h */,
				A7AC4C472AF1F28F005AE737 /* MJRefreshGifHeader.h */,
				A7AC4C482AF1F28F005AE737 /* MJRefreshAutoGifFooter.h */,
				A7AC4C492AF1F28F005AE737 /* MJRefreshHeader.h */,
				A7AC4C4A2AF1F28F005AE737 /* MJRefreshFooter.h */,
				A7AC4C4B2AF1F28F005AE737 /* MJRefreshConfig.h */,
				A7AC4C4C2AF1F28F005AE737 /* MJRefreshConst.h */,
				A7AC4C4D2AF1F28F005AE737 /* UIScrollView+MJRefresh.h */,
				A7AC4C4E2AF1F28F005AE737 /* MJRefreshNormalHeader.h */,
				A7AC4C4F2AF1F28F005AE737 /* MJRefreshStateTrailer.h */,
				A7AC4C502AF1F28F005AE737 /* MJRefreshBackFooter.h */,
			);
			path = include;
			sourceTree = "<group>";
		};
		A7AC4C582AF1F28F005AE737 /* Custom */ = {
			isa = PBXGroup;
			children = (
				A7AC4C592AF1F28F005AE737 /* Footer */,
				A7AC4C682AF1F28F005AE737 /* Trailer */,
				A7AC4C6D2AF1F28F005AE737 /* Header */,
			);
			path = Custom;
			sourceTree = "<group>";
		};
		A7AC4C592AF1F28F005AE737 /* Footer */ = {
			isa = PBXGroup;
			children = (
				A7AC4C5A2AF1F28F005AE737 /* Back */,
				A7AC4C612AF1F28F005AE737 /* Auto */,
			);
			path = Footer;
			sourceTree = "<group>";
		};
		A7AC4C5A2AF1F28F005AE737 /* Back */ = {
			isa = PBXGroup;
			children = (
				A7AC4C5B2AF1F28F005AE737 /* MJRefreshBackGifFooter.h */,
				A7AC4C5C2AF1F28F005AE737 /* MJRefreshBackStateFooter.h */,
				A7AC4C5D2AF1F28F005AE737 /* MJRefreshBackNormalFooter.h */,
				A7AC4C5E2AF1F28F005AE737 /* MJRefreshBackGifFooter.m */,
				A7AC4C5F2AF1F28F005AE737 /* MJRefreshBackStateFooter.m */,
				A7AC4C602AF1F28F005AE737 /* MJRefreshBackNormalFooter.m */,
			);
			path = Back;
			sourceTree = "<group>";
		};
		A7AC4C612AF1F28F005AE737 /* Auto */ = {
			isa = PBXGroup;
			children = (
				A7AC4C622AF1F28F005AE737 /* MJRefreshAutoStateFooter.h */,
				A7AC4C632AF1F28F005AE737 /* MJRefreshAutoNormalFooter.h */,
				A7AC4C642AF1F28F005AE737 /* MJRefreshAutoGifFooter.h */,
				A7AC4C652AF1F28F005AE737 /* MJRefreshAutoStateFooter.m */,
				A7AC4C662AF1F28F005AE737 /* MJRefreshAutoGifFooter.m */,
				A7AC4C672AF1F28F005AE737 /* MJRefreshAutoNormalFooter.m */,
			);
			path = Auto;
			sourceTree = "<group>";
		};
		A7AC4C682AF1F28F005AE737 /* Trailer */ = {
			isa = PBXGroup;
			children = (
				A7AC4C692AF1F28F005AE737 /* MJRefreshNormalTrailer.h */,
				A7AC4C6A2AF1F28F005AE737 /* MJRefreshStateTrailer.m */,
				A7AC4C6B2AF1F28F005AE737 /* MJRefreshNormalTrailer.m */,
				A7AC4C6C2AF1F28F005AE737 /* MJRefreshStateTrailer.h */,
			);
			path = Trailer;
			sourceTree = "<group>";
		};
		A7AC4C6D2AF1F28F005AE737 /* Header */ = {
			isa = PBXGroup;
			children = (
				A7AC4C6E2AF1F28F005AE737 /* MJRefreshNormalHeader.m */,
				A7AC4C6F2AF1F28F005AE737 /* MJRefreshStateHeader.h */,
				A7AC4C702AF1F28F005AE737 /* MJRefreshGifHeader.h */,
				A7AC4C712AF1F28F005AE737 /* MJRefreshNormalHeader.h */,
				A7AC4C722AF1F28F005AE737 /* MJRefreshStateHeader.m */,
				A7AC4C732AF1F28F005AE737 /* MJRefreshGifHeader.m */,
			);
			path = Header;
			sourceTree = "<group>";
		};
		A7AC4C752AF1F28F005AE737 /* Base */ = {
			isa = PBXGroup;
			children = (
				A7AC4C762AF1F28F005AE737 /* MJRefreshFooter.m */,
				A7AC4C772AF1F28F005AE737 /* MJRefreshComponent.h */,
				A7AC4C782AF1F28F005AE737 /* MJRefreshHeader.m */,
				A7AC4C792AF1F28F005AE737 /* MJRefreshAutoFooter.h */,
				A7AC4C7A2AF1F28F005AE737 /* MJRefreshTrailer.h */,
				A7AC4C7B2AF1F28F005AE737 /* MJRefreshBackFooter.m */,
				A7AC4C7C2AF1F28F005AE737 /* MJRefreshAutoFooter.m */,
				A7AC4C7D2AF1F28F005AE737 /* MJRefreshHeader.h */,
				A7AC4C7E2AF1F28F005AE737 /* MJRefreshComponent.m */,
				A7AC4C7F2AF1F28F005AE737 /* MJRefreshFooter.h */,
				A7AC4C802AF1F28F005AE737 /* MJRefreshBackFooter.h */,
				A7AC4C812AF1F28F005AE737 /* MJRefreshTrailer.m */,
			);
			path = Base;
			sourceTree = "<group>";
		};
/* End PBXGroup section */

/* Begin PBXNativeTarget section */
		A738BE7C2AEA444100A65F7E /* TYCharts */ = {
			isa = PBXNativeTarget;
			buildConfigurationList = A738BE962AEA444300A65F7E /* Build configuration list for PBXNativeTarget "TYCharts" */;
			buildPhases = (
				A738BE792AEA444100A65F7E /* Sources */,
				A738BE7A2AEA444100A65F7E /* Frameworks */,
				A738BE7B2AEA444100A65F7E /* Resources */,
			);
			buildRules = (
			);
			dependencies = (
			);
			name = TYCharts;
			productName = TYCharts;
			productReference = A738BE7D2AEA444100A65F7E /* TYCharts.app */;
			productType = "com.apple.product-type.application";
		};
/* End PBXNativeTarget section */

/* Begin PBXProject section */
		A738BE752AEA444100A65F7E /* Project object */ = {
			isa = PBXProject;
			attributes = {
				BuildIndependentTargetsInParallel = 1;
				LastUpgradeCheck = 1400;
				TargetAttributes = {
					A738BE7C2AEA444100A65F7E = {
						CreatedOnToolsVersion = 14.0.1;
					};
				};
			};
			buildConfigurationList = A738BE782AEA444100A65F7E /* Build configuration list for PBXProject "TYCharts" */;
			compatibilityVersion = "Xcode 9.3";
			developmentRegion = en;
			hasScannedForEncodings = 0;
			knownRegions = (
				en,
				Base,
			);
			mainGroup = A738BE742AEA444100A65F7E;
			productRefGroup = A738BE7E2AEA444100A65F7E /* Products */;
			projectDirPath = "";
			projectRoot = "";
			targets = (
				A738BE7C2AEA444100A65F7E /* TYCharts */,
			);
		};
/* End PBXProject section */

/* Begin PBXResourcesBuildPhase section */
		A738BE7B2AEA444100A65F7E /* Resources */ = {
			isa = PBXResourcesBuildPhase;
			buildActionMask = 2147483647;
			files = (
				A738BE902AEA444300A65F7E /* LaunchScreen.storyboard in Resources */,
				A74132ED2AEF9873009070CA /* icon_enlarge@3x.png in Resources */,
				A738BE8D2AEA444300A65F7E /* Assets.xcassets in Resources */,
				A74132FA2AEF9888009070CA /* icon_reduce@2x.png in Resources */,
				A74132F12AEF987C009070CA /* icon_fold@2x.png in Resources */,
				A74132FE2AEF988E009070CA /* icon_right@3x.png in Resources */,
				A74132E92AEF986B009070CA /* icon_expand@2x.png in Resources */,
				A74132F92AEF9888009070CA /* icon_reduce@3x.png in Resources */,
				A74132F62AEF9883009070CA /* icon_left@3x.png in Resources */,
				A74132FD2AEF988E009070CA /* icon_right@2x.png in Resources */,
				A738BE8B2AEA444100A65F7E /* Main.storyboard in Resources */,
				A74132EA2AEF986B009070CA /* icon_expand@3x.png in Resources */,
				A74132F22AEF987C009070CA /* icon_fold@3x.png in Resources */,
				A74132EE2AEF9873009070CA /* icon_enlarge@2x.png in Resources */,
				A738BF412AEA6C8B00A65F7E /* DIN-Medium.ttf in Resources */,
				A7AC4C862AF1F28F005AE737 /* MJRefresh.bundle in Resources */,
				A74132F52AEF9883009070CA /* icon_left@2x.png in Resources */,
			);
			runOnlyForDeploymentPostprocessing = 0;
		};
/* End PBXResourcesBuildPhase section */

/* Begin PBXSourcesBuildPhase section */
		A738BE792AEA444100A65F7E /* Sources */ = {
			isa = PBXSourcesBuildPhase;
			buildActionMask = 2147483647;
			files = (
				A7AC4C1E2AF0DD22005AE737 /* NSObject+YYModel.m in Sources */,
				A738BEC42AEA46BA00A65F7E /* TYMinMaxPriceLayer.m in Sources */,
				A738BEA92AEA453A00A65F7E /* TYChartDataSource.m in Sources */,
				A7AC4C8C2AF1F28F005AE737 /* MJRefreshBackNormalFooter.m in Sources */,
				A738BE882AEA444100A65F7E /* ViewController.m in Sources */,
				A738BF132AEA52CB00A65F7E /* MASViewConstraint.m in Sources */,
				A738BF3F2AEA5A8100A65F7E /* UIFont+Extension.m in Sources */,
				A738BF182AEA530100A65F7E /* NetworkHelper.m in Sources */,
				A74133012AEF98A8009070CA /* NSArray+Filter.m in Sources */,
				A738BECA2AEA46F900A65F7E /* TYCandleStickLayer.m in Sources */,
				A738BEA32AEA44B900A65F7E /* TYChartKLineDataModel.m in Sources */,
				A738BEBE2AEA466500A65F7E /* TYChartBaseLayer.m in Sources */,
				A738BF102AEA52CB00A65F7E /* NSArray+MASAdditions.m in Sources */,
				A738BF122AEA52CB00A65F7E /* MASConstraint.m in Sources */,
				A7AC4C982AF1F28F005AE737 /* MJRefreshBackFooter.m in Sources */,
				A74132E32AEF9795009070CA /* TYChartHandOperationView.m in Sources */,
				A7AC4C972AF1F28F005AE737 /* MJRefreshHeader.m in Sources */,
				A741330A2AEFA5A8009070CA /* TimeLineViewController.m in Sources */,
				A7AC4C902AF1F28F005AE737 /* MJRefreshStateTrailer.m in Sources */,
				A7AC4C8D2AF1F28F005AE737 /* MJRefreshAutoStateFooter.m in Sources */,
				A7AC4C942AF1F28F005AE737 /* MJRefreshGifHeader.m in Sources */,
				A7AC4C922AF1F28F005AE737 /* MJRefreshNormalHeader.m in Sources */,
				A7AC4C992AF1F28F005AE737 /* MJRefreshAutoFooter.m in Sources */,
				A7AC4C8A2AF1F28F005AE737 /* MJRefreshBackGifFooter.m in Sources */,
				A738BF112AEA52CB00A65F7E /* View+MASAdditions.m in Sources */,
				A738BEA02AEA448100A65F7E /* TYChartLineBaseModel.m in Sources */,
				A738BEE22AEA483400A65F7E /* UIView+TYFrame.m in Sources */,
				A738BED92AEA47B900A65F7E /* TYBarLineView.m in Sources */,
				A738BEAF2AEA458100A65F7E /* TYChartConfiguration.m in Sources */,
				A7AC4C852AF1F28F005AE737 /* MJRefreshConfig.m in Sources */,
				A7AC4C912AF1F28F005AE737 /* MJRefreshNormalTrailer.m in Sources */,
				A738BEB52AEA45C400A65F7E /* TYYAxisModel.m in Sources */,
				A738BF0D2AEA52CB00A65F7E /* MASCompositeConstraint.m in Sources */,
				A738BECD2AEA471A00A65F7E /* TYHistogramLayer.m in Sources */,
				A7AC4C842AF1F28F005AE737 /* MJRefreshConst.m in Sources */,
				A738BEA62AEA450000A65F7E /* TYTechnicalIndexModel.m in Sources */,
				A738BE822AEA444100A65F7E /* AppDelegate.m in Sources */,
				A738BE932AEA444300A65F7E /* main.m in Sources */,
				A74133042AEF98BA009070CA /* TYWeakTimer.m in Sources */,
				A738BEE32AEA483400A65F7E /* UIColor+HXColor.m in Sources */,
				A738BEB22AEA45B000A65F7E /* TYIndexConfiguration.m in Sources */,
				A7AC4C892AF1F28F005AE737 /* UIView+MJExtension.m in Sources */,
				A7AC4C8E2AF1F28F005AE737 /* MJRefreshAutoGifFooter.m in Sources */,
				A7AC4C822AF1F28F005AE737 /* UIScrollView+MJRefresh.m in Sources */,
				A738BEC72AEA46D000A65F7E /* TYCursorLineLayer.m in Sources */,
				A738BF0E2AEA52CB00A65F7E /* MASConstraintMaker.m in Sources */,
				A738BED62AEA479E00A65F7E /* TYCandleStickView.m in Sources */,
				A7AC4C172AF0DA29005AE737 /* TimeLineMinuteModel.m in Sources */,
				A738BF282AEA548700A65F7E /* UIDevice+Extension.m in Sources */,
				A7AC4C882AF1F28F005AE737 /* NSBundle+MJRefresh.m in Sources */,
				A74133102AEFB5AA009070CA /* TYTimeIndexChartLayer.m in Sources */,
				A7AC4C8B2AF1F28F005AE737 /* MJRefreshBackStateFooter.m in Sources */,
				A74132E42AEF9795009070CA /* TYLongPressButton.m in Sources */,
				A738BF0C2AEA52CB00A65F7E /* ViewController+MASAdditions.m in Sources */,
				A7AC4C9B2AF1F28F005AE737 /* MJRefreshTrailer.m in Sources */,
				A738BED02AEA473E00A65F7E /* TYLineLayer.m in Sources */,
				A738BE852AEA444100A65F7E /* SceneDelegate.m in Sources */,
				A7AC4C1F2AF0DD22005AE737 /* YYClassInfo.m in Sources */,
				A738BEAC2AEA456A00A65F7E /* TYChartMaxMinModel.m in Sources */,
				A7EEEEFE2AEBB0D90064FBD5 /* TYDecimalNumberTool.m in Sources */,
				A7EEEEFB2AEBB0320064FBD5 /* TYChartConst.m in Sources */,
				A738BF0B2AEA52CB00A65F7E /* NSLayoutConstraint+MASDebugAdditions.m in Sources */,
				A738BEF02AEA4A8900A65F7E /* NSDate+Extension.m in Sources */,
				A7AC4C9A2AF1F28F005AE737 /* MJRefreshComponent.m in Sources */,
				A738BF472AEB54EE00A65F7E /* TYChartContainerView.m in Sources */,
				A7AC4C252AF0FBEE005AE737 /* TYTimeIndexChartContainerView.m in Sources */,
				A7AC4C872AF1F28F005AE737 /* UIScrollView+MJExtension.m in Sources */,
				A738BF0F2AEA52CB00A65F7E /* MASLayoutConstraint.m in Sources */,
				A7AC4C8F2AF1F28F005AE737 /* MJRefreshAutoNormalFooter.m in Sources */,
				A7AC4C832AF1F28F005AE737 /* UICollectionViewLayout+MJRefresh.m in Sources */,
				A738BED32AEA476000A65F7E /* TYChartView.m in Sources */,
				A74133072AEFA45F009070CA /* KLineViewController.m in Sources */,
				A738BEDC2AEA47D000A65F7E /* TYLineTechnologyView.m in Sources */,
				A738BEB82AEA460800A65F7E /* TYXAxisModel.m in Sources */,
				A7AC4C932AF1F28F005AE737 /* MJRefreshStateHeader.m in Sources */,
				A741330D2AEFB57F009070CA /* TYTimeIndexChartView.m in Sources */,
				A738BEC12AEA469600A65F7E /* TYAxisChartLayer.m in Sources */,
				A738BEBB2AEA462200A65F7E /* TYChartAlgorithm.m in Sources */,
				A738BF142AEA52CB00A65F7E /* MASViewAttribute.m in Sources */,
				A7AC4C962AF1F28F005AE737 /* MJRefreshFooter.m in Sources */,
			);
			runOnlyForDeploymentPostprocessing = 0;
		};
/* End PBXSourcesBuildPhase section */

/* Begin PBXVariantGroup section */
		A738BE892AEA444100A65F7E /* Main.storyboard */ = {
			isa = PBXVariantGroup;
			children = (
				A738BE8A2AEA444100A65F7E /* Base */,
			);
			name = Main.storyboard;
			sourceTree = "<group>";
		};
		A738BE8E2AEA444300A65F7E /* LaunchScreen.storyboard */ = {
			isa = PBXVariantGroup;
			children = (
				A738BE8F2AEA444300A65F7E /* Base */,
			);
			name = LaunchScreen.storyboard;
			sourceTree = "<group>";
		};
/* End PBXVariantGroup section */

/* Begin XCBuildConfiguration section */
		A738BE942AEA444300A65F7E /* Debug */ = {
			isa = XCBuildConfiguration;
			buildSettings = {
				ALWAYS_SEARCH_USER_PATHS = NO;
				CLANG_ANALYZER_NONNULL = YES;
				CLANG_ANALYZER_NUMBER_OBJECT_CONVERSION = YES_AGGRESSIVE;
				CLANG_CXX_LANGUAGE_STANDARD = "gnu++20";
				CLANG_ENABLE_MODULES = YES;
				CLANG_ENABLE_OBJC_ARC = YES;
				CLANG_ENABLE_OBJC_WEAK = YES;
				CLANG_WARN_BLOCK_CAPTURE_AUTORELEASING = YES;
				CLANG_WARN_BOOL_CONVERSION = YES;
				CLANG_WARN_COMMA = YES;
				CLANG_WARN_CONSTANT_CONVERSION = YES;
				CLANG_WARN_DEPRECATED_OBJC_IMPLEMENTATIONS = YES;
				CLANG_WARN_DIRECT_OBJC_ISA_USAGE = YES_ERROR;
				CLANG_WARN_DOCUMENTATION_COMMENTS = YES;
				CLANG_WARN_EMPTY_BODY = YES;
				CLANG_WARN_ENUM_CONVERSION = YES;
				CLANG_WARN_INFINITE_RECURSION = YES;
				CLANG_WARN_INT_CONVERSION = YES;
				CLANG_WARN_NON_LITERAL_NULL_CONVERSION = YES;
				CLANG_WARN_OBJC_IMPLICIT_RETAIN_SELF = YES;
				CLANG_WARN_OBJC_LITERAL_CONVERSION = YES;
				CLANG_WARN_OBJC_ROOT_CLASS = YES_ERROR;
				CLANG_WARN_QUOTED_INCLUDE_IN_FRAMEWORK_HEADER = YES;
				CLANG_WARN_RANGE_LOOP_ANALYSIS = YES;
				CLANG_WARN_STRICT_PROTOTYPES = YES;
				CLANG_WARN_SUSPICIOUS_MOVE = YES;
				CLANG_WARN_UNGUARDED_AVAILABILITY = YES_AGGRESSIVE;
				CLANG_WARN_UNREACHABLE_CODE = YES;
				CLANG_WARN__DUPLICATE_METHOD_MATCH = YES;
				COPY_PHASE_STRIP = NO;
				DEBUG_INFORMATION_FORMAT = dwarf;
				ENABLE_STRICT_OBJC_MSGSEND = YES;
				ENABLE_TESTABILITY = YES;
				GCC_C_LANGUAGE_STANDARD = gnu11;
				GCC_DYNAMIC_NO_PIC = NO;
				GCC_NO_COMMON_BLOCKS = YES;
				GCC_OPTIMIZATION_LEVEL = 0;
				GCC_PREPROCESSOR_DEFINITIONS = (
					"DEBUG=1",
					"$(inherited)",
				);
				GCC_WARN_64_TO_32_BIT_CONVERSION = YES;
				GCC_WARN_ABOUT_RETURN_TYPE = YES_ERROR;
				GCC_WARN_UNDECLARED_SELECTOR = YES;
				GCC_WARN_UNINITIALIZED_AUTOS = YES_AGGRESSIVE;
				GCC_WARN_UNUSED_FUNCTION = YES;
				GCC_WARN_UNUSED_VARIABLE = YES;
				IPHONEOS_DEPLOYMENT_TARGET = 16.0;
				MTL_ENABLE_DEBUG_INFO = INCLUDE_SOURCE;
				MTL_FAST_MATH = YES;
				ONLY_ACTIVE_ARCH = YES;
				SDKROOT = iphoneos;
			};
			name = Debug;
		};
		A738BE952AEA444300A65F7E /* Release */ = {
			isa = XCBuildConfiguration;
			buildSettings = {
				ALWAYS_SEARCH_USER_PATHS = NO;
				CLANG_ANALYZER_NONNULL = YES;
				CLANG_ANALYZER_NUMBER_OBJECT_CONVERSION = YES_AGGRESSIVE;
				CLANG_CXX_LANGUAGE_STANDARD = "gnu++20";
				CLANG_ENABLE_MODULES = YES;
				CLANG_ENABLE_OBJC_ARC = YES;
				CLANG_ENABLE_OBJC_WEAK = YES;
				CLANG_WARN_BLOCK_CAPTURE_AUTORELEASING = YES;
				CLANG_WARN_BOOL_CONVERSION = YES;
				CLANG_WARN_COMMA = YES;
				CLANG_WARN_CONSTANT_CONVERSION = YES;
				CLANG_WARN_DEPRECATED_OBJC_IMPLEMENTATIONS = YES;
				CLANG_WARN_DIRECT_OBJC_ISA_USAGE = YES_ERROR;
				CLANG_WARN_DOCUMENTATION_COMMENTS = YES;
				CLANG_WARN_EMPTY_BODY = YES;
				CLANG_WARN_ENUM_CONVERSION = YES;
				CLANG_WARN_INFINITE_RECURSION = YES;
				CLANG_WARN_INT_CONVERSION = YES;
				CLANG_WARN_NON_LITERAL_NULL_CONVERSION = YES;
				CLANG_WARN_OBJC_IMPLICIT_RETAIN_SELF = YES;
				CLANG_WARN_OBJC_LITERAL_CONVERSION = YES;
				CLANG_WARN_OBJC_ROOT_CLASS = YES_ERROR;
				CLANG_WARN_QUOTED_INCLUDE_IN_FRAMEWORK_HEADER = YES;
				CLANG_WARN_RANGE_LOOP_ANALYSIS = YES;
				CLANG_WARN_STRICT_PROTOTYPES = YES;
				CLANG_WARN_SUSPICIOUS_MOVE = YES;
				CLANG_WARN_UNGUARDED_AVAILABILITY = YES_AGGRESSIVE;
				CLANG_WARN_UNREACHABLE_CODE = YES;
				CLANG_WARN__DUPLICATE_METHOD_MATCH = YES;
				COPY_PHASE_STRIP = NO;
				DEBUG_INFORMATION_FORMAT = "dwarf-with-dsym";
				ENABLE_NS_ASSERTIONS = NO;
				ENABLE_STRICT_OBJC_MSGSEND = YES;
				GCC_C_LANGUAGE_STANDARD = gnu11;
				GCC_NO_COMMON_BLOCKS = YES;
				GCC_WARN_64_TO_32_BIT_CONVERSION = YES;
				GCC_WARN_ABOUT_RETURN_TYPE = YES_ERROR;
				GCC_WARN_UNDECLARED_SELECTOR = YES;
				GCC_WARN_UNINITIALIZED_AUTOS = YES_AGGRESSIVE;
				GCC_WARN_UNUSED_FUNCTION = YES;
				GCC_WARN_UNUSED_VARIABLE = YES;
				IPHONEOS_DEPLOYMENT_TARGET = 16.0;
				MTL_ENABLE_DEBUG_INFO = NO;
				MTL_FAST_MATH = YES;
				SDKROOT = iphoneos;
				VALIDATE_PRODUCT = YES;
			};
			name = Release;
		};
		A738BE972AEA444300A65F7E /* Debug */ = {
			isa = XCBuildConfiguration;
			buildSettings = {
				ASSETCATALOG_COMPILER_APPICON_NAME = AppIcon;
				ASSETCATALOG_COMPILER_GLOBAL_ACCENT_COLOR_NAME = AccentColor;
				CODE_SIGN_STYLE = Automatic;
				CURRENT_PROJECT_VERSION = 1;
				DEVELOPMENT_TEAM = P4L5WESH2G;
				GCC_PREFIX_HEADER = "$(SRCROOT)/TYCharts/TYPrefixHeader.pch";
				GENERATE_INFOPLIST_FILE = YES;
				INFOPLIST_FILE = TYCharts/Info.plist;
				INFOPLIST_KEY_UIApplicationSupportsIndirectInputEvents = YES;
				INFOPLIST_KEY_UILaunchStoryboardName = LaunchScreen;
				INFOPLIST_KEY_UIMainStoryboardFile = Main;
				INFOPLIST_KEY_UISupportedInterfaceOrientations_iPad = "UIInterfaceOrientationPortrait UIInterfaceOrientationPortraitUpsideDown UIInterfaceOrientationLandscapeLeft UIInterfaceOrientationLandscapeRight";
				INFOPLIST_KEY_UISupportedInterfaceOrientations_iPhone = "UIInterfaceOrientationPortrait UIInterfaceOrientationLandscapeLeft UIInterfaceOrientationLandscapeRight";
				IPHONEOS_DEPLOYMENT_TARGET = 13.0;
				LD_RUNPATH_SEARCH_PATHS = (
					"$(inherited)",
					"@executable_path/Frameworks",
				);
				MARKETING_VERSION = 1.0;
				PRODUCT_BUNDLE_IDENTIFIER = com.demo.TYKLineCharts;
				PRODUCT_NAME = "$(TARGET_NAME)";
				SWIFT_EMIT_LOC_STRINGS = YES;
				TARGETED_DEVICE_FAMILY = "1,2";
			};
			name = Debug;
		};
		A738BE982AEA444300A65F7E /* Release */ = {
			isa = XCBuildConfiguration;
			buildSettings = {
				ASSETCATALOG_COMPILER_APPICON_NAME = AppIcon;
				ASSETCATALOG_COMPILER_GLOBAL_ACCENT_COLOR_NAME = AccentColor;
				CODE_SIGN_STYLE = Automatic;
				CURRENT_PROJECT_VERSION = 1;
				DEVELOPMENT_TEAM = 5AQ5BNM6YA;
				GCC_PREFIX_HEADER = "$(SRCROOT)/TYCharts/TYPrefixHeader.pch";
				GENERATE_INFOPLIST_FILE = YES;
				INFOPLIST_FILE = TYCharts/Info.plist;
				INFOPLIST_KEY_UIApplicationSupportsIndirectInputEvents = YES;
				INFOPLIST_KEY_UILaunchStoryboardName = LaunchScreen;
				INFOPLIST_KEY_UIMainStoryboardFile = Main;
				INFOPLIST_KEY_UISupportedInterfaceOrientations_iPad = "UIInterfaceOrientationPortrait UIInterfaceOrientationPortraitUpsideDown UIInterfaceOrientationLandscapeLeft UIInterfaceOrientationLandscapeRight";
				INFOPLIST_KEY_UISupportedInterfaceOrientations_iPhone = "UIInterfaceOrientationPortrait UIInterfaceOrientationLandscapeLeft UIInterfaceOrientationLandscapeRight";
				IPHONEOS_DEPLOYMENT_TARGET = 13.0;
				LD_RUNPATH_SEARCH_PATHS = (
					"$(inherited)",
					"@executable_path/Frameworks",
				);
				MARKETING_VERSION = 1.0;
				PRODUCT_BUNDLE_IDENTIFIER = com.demo.TYKLineCharts;
				PRODUCT_NAME = "$(TARGET_NAME)";
				SWIFT_EMIT_LOC_STRINGS = YES;
				TARGETED_DEVICE_FAMILY = "1,2";
			};
			name = Release;
		};
/* End XCBuildConfiguration section */

/* Begin XCConfigurationList section */
		A738BE782AEA444100A65F7E /* Build configuration list for PBXProject "TYCharts" */ = {
			isa = XCConfigurationList;
			buildConfigurations = (
				A738BE942AEA444300A65F7E /* Debug */,
				A738BE952AEA444300A65F7E /* Release */,
			);
			defaultConfigurationIsVisible = 0;
			defaultConfigurationName = Release;
		};
		A738BE962AEA444300A65F7E /* Build configuration list for PBXNativeTarget "TYCharts" */ = {
			isa = XCConfigurationList;
			buildConfigurations = (
				A738BE972AEA444300A65F7E /* Debug */,
				A738BE982AEA444300A65F7E /* Release */,
			);
			defaultConfigurationIsVisible = 0;
			defaultConfigurationName = Release;
		};
/* End XCConfigurationList section */
	};
	rootObject = A738BE752AEA444100A65F7E /* Project object */;
}
